<Solution>
  <Configurations>
    <Platform Name="Any CPU" />
    <Platform Name="x64" />
    <Platform Name="x86" />
  </Configurations>
  <Folder Name="/Solution Items/">
    <File Path=".editorconfig" />
    <File Path=".filenesting.json" />
    <File Path=".gitignore" />
    <File Path=".gitmodules" />
    <File Path="Directory.Build.props" />
    <File Path="Directory.Build.targets" />
    <File Path="Directory.Packages.props" />
    <File Path="Directory.Solution.props" />
    <File Path="GitVersion.yml" />
    <File Path="global.json" />
    <File Path="LICENSE" />
    <File Path="new-project.ps1" />
    <File Path="nuget.config" />
    <File Path="README.md" />
    <File Path="renovate.json" />
    <File Path="update-solution.ps1" />
  </Folder>
  <Folder Name="/src/">
    <Project Path="src/NetEvolve.HealthChecks.Apache.ActiveMq/NetEvolve.HealthChecks.Apache.ActiveMq.csproj" />
    <Project Path="src/NetEvolve.HealthChecks.Apache.Kafka/NetEvolve.HealthChecks.Apache.Kafka.csproj" />
    <Project Path="src/NetEvolve.HealthChecks.Apache.Pulsar/NetEvolve.HealthChecks.Apache.Pulsar.csproj" />
    <Project Path="src/NetEvolve.HealthChecks.Apache.Solr/NetEvolve.HealthChecks.Apache.Solr.csproj" />
    <Project Path="src/NetEvolve.HealthChecks.ArangoDb/NetEvolve.HealthChecks.ArangoDb.csproj" />
    <Project Path="src/NetEvolve.HealthChecks.AWS.DynamoDB/NetEvolve.HealthChecks.AWS.DynamoDB.csproj" />
    <Project Path="src/NetEvolve.HealthChecks.AWS.EC2/NetEvolve.HealthChecks.AWS.EC2.csproj" />
    <Project Path="src/NetEvolve.HealthChecks.AWS.S3/NetEvolve.HealthChecks.AWS.S3.csproj" />
    <Project Path="src/NetEvolve.HealthChecks.AWS.SNS/NetEvolve.HealthChecks.AWS.SNS.csproj" />
    <Project Path="src/NetEvolve.HealthChecks.AWS.SQS/NetEvolve.HealthChecks.AWS.SQS.csproj" />
    <Project Path="src/NetEvolve.HealthChecks.AWS/NetEvolve.HealthChecks.AWS.csproj" />
    <Project Path="src/NetEvolve.HealthChecks.Azure.ApplicationInsights/NetEvolve.HealthChecks.Azure.ApplicationInsights.csproj" />
    <Project Path="src/NetEvolve.HealthChecks.Azure.Blobs/NetEvolve.HealthChecks.Azure.Blobs.csproj" />
    <Project Path="src/NetEvolve.HealthChecks.Azure.CosmosDB/NetEvolve.HealthChecks.Azure.CosmosDB.csproj" />
    <Project Path="src/NetEvolve.HealthChecks.Azure.EventHubs/NetEvolve.HealthChecks.Azure.EventHubs.csproj" />
    <Project Path="src/NetEvolve.HealthChecks.Azure.Kusto/NetEvolve.HealthChecks.Azure.Kusto.csproj" />
    <Project Path="src/NetEvolve.HealthChecks.Azure.Queues/NetEvolve.HealthChecks.Azure.Queues.csproj" />
    <Project Path="src/NetEvolve.HealthChecks.Azure.Search/NetEvolve.HealthChecks.Azure.Search.csproj" />
    <Project Path="src/NetEvolve.HealthChecks.Azure.ServiceBus/NetEvolve.HealthChecks.Azure.ServiceBus.csproj" />
    <Project Path="src/NetEvolve.HealthChecks.Azure.Tables/NetEvolve.HealthChecks.Azure.Tables.csproj" />
    <Project Path="src/NetEvolve.HealthChecks.Azure/NetEvolve.HealthChecks.Azure.csproj" />
    <Project Path="src/NetEvolve.HealthChecks.Cassandra/NetEvolve.HealthChecks.Cassandra.csproj" />
    <Project Path="src/NetEvolve.HealthChecks.ClickHouse/NetEvolve.HealthChecks.ClickHouse.csproj" />
    <Project Path="src/NetEvolve.HealthChecks.CockroachDb/NetEvolve.HealthChecks.CockroachDb.csproj" />
    <Project Path="src/NetEvolve.HealthChecks.Consul/NetEvolve.HealthChecks.Consul.csproj" />
    <Project Path="src/NetEvolve.HealthChecks.Couchbase/NetEvolve.HealthChecks.Couchbase.csproj" />
    <Project Path="src/NetEvolve.HealthChecks.CouchDb/NetEvolve.HealthChecks.CouchDb.csproj" />
    <Project Path="src/NetEvolve.HealthChecks.Dapr/NetEvolve.HealthChecks.Dapr.csproj" />
    <Project Path="src/NetEvolve.HealthChecks.DB2/NetEvolve.HealthChecks.DB2.csproj" />
    <Project Path="src/NetEvolve.HealthChecks.DuckDB/NetEvolve.HealthChecks.DuckDB.csproj" />
    <Project Path="src/NetEvolve.HealthChecks.Elasticsearch/NetEvolve.HealthChecks.Elasticsearch.csproj" />
    <Project Path="src/NetEvolve.HealthChecks.KurrentDb/NetEvolve.HealthChecks.KurrentDb.csproj" />
    <Project Path="src/NetEvolve.HealthChecks.Firebird/NetEvolve.HealthChecks.Firebird.csproj" />
    <Project Path="src/NetEvolve.HealthChecks.Garnet/NetEvolve.HealthChecks.Garnet.csproj" />
    <Project Path="src/NetEvolve.HealthChecks.GCP.BigQuery/NetEvolve.HealthChecks.GCP.BigQuery.csproj" />
    <Project Path="src/NetEvolve.HealthChecks.GCP.Bigtable/NetEvolve.HealthChecks.GCP.Bigtable.csproj" />
    <Project Path="src/NetEvolve.HealthChecks.GCP.Firestore/NetEvolve.HealthChecks.GCP.Firestore.csproj" />
    <Project Path="src/NetEvolve.HealthChecks.GCP.PubSub/NetEvolve.HealthChecks.GCP.PubSub.csproj" />
    <Project Path="src/NetEvolve.HealthChecks.GCP/NetEvolve.HealthChecks.GCP.csproj" />
    <Project Path="src/NetEvolve.HealthChecks.Http/NetEvolve.HealthChecks.Http.csproj" />
    <Project Path="src/NetEvolve.HealthChecks.IbmMQ/NetEvolve.HealthChecks.IbmMQ.csproj" />
    <Project Path="src/NetEvolve.HealthChecks.InfluxDB/NetEvolve.HealthChecks.InfluxDB.csproj" />
    <Project Path="src/NetEvolve.HealthChecks.JanusGraph/NetEvolve.HealthChecks.JanusGraph.csproj" />
    <Project Path="src/NetEvolve.HealthChecks.Keycloak/NetEvolve.HealthChecks.Keycloak.csproj" />
    <Project Path="src/NetEvolve.HealthChecks.Kubernetes/NetEvolve.HealthChecks.Kubernetes.csproj" />
    <Project Path="src/NetEvolve.HealthChecks.LiteDB/NetEvolve.HealthChecks.LiteDB.csproj" />
    <Project Path="src/NetEvolve.HealthChecks.MariaDb/NetEvolve.HealthChecks.MariaDb.csproj" />
    <Project Path="src/NetEvolve.HealthChecks.Meilisearch/NetEvolve.HealthChecks.Meilisearch.csproj" />
    <Project Path="src/NetEvolve.HealthChecks.Milvus/NetEvolve.HealthChecks.Milvus.csproj" />
    <Project Path="src/NetEvolve.HealthChecks.Minio/NetEvolve.HealthChecks.Minio.csproj" />
    <Project Path="src/NetEvolve.HealthChecks.MongoDb/NetEvolve.HealthChecks.MongoDb.csproj" />
    <Project Path="src/NetEvolve.HealthChecks.Mosquitto/NetEvolve.HealthChecks.Mosquitto.csproj" />
    <Project Path="src/NetEvolve.HealthChecks.MySql.Connector/NetEvolve.HealthChecks.MySql.Connector.csproj" />
    <Project Path="src/NetEvolve.HealthChecks.MySql.Devart/NetEvolve.HealthChecks.MySql.Devart.csproj" />
    <Project Path="src/NetEvolve.HealthChecks.MySql/NetEvolve.HealthChecks.MySql.csproj" />
    <Project Path="src/NetEvolve.HealthChecks.NATS/NetEvolve.HealthChecks.NATS.csproj" />
    <Project Path="src/NetEvolve.HealthChecks.Neo4j/NetEvolve.HealthChecks.Neo4j.csproj" />
    <Project Path="src/NetEvolve.HealthChecks.Npgsql.Devart/NetEvolve.HealthChecks.Npgsql.Devart.csproj" />
    <Project Path="src/NetEvolve.HealthChecks.Npgsql/NetEvolve.HealthChecks.Npgsql.csproj" />
    <Project Path="src/NetEvolve.HealthChecks.Odbc/NetEvolve.HealthChecks.Odbc.csproj" />
    <Project Path="src/NetEvolve.HealthChecks.Ollama/NetEvolve.HealthChecks.Ollama.csproj" />
    <Project Path="src/NetEvolve.HealthChecks.OpenSearch/NetEvolve.HealthChecks.OpenSearch.csproj" />
    <Project Path="src/NetEvolve.HealthChecks.Oracle.Devart/NetEvolve.HealthChecks.Oracle.Devart.csproj" />
    <Project Path="src/NetEvolve.HealthChecks.Oracle/NetEvolve.HealthChecks.Oracle.csproj" />
    <Project Path="src/NetEvolve.HealthChecks.Qdrant/NetEvolve.HealthChecks.Qdrant.csproj" />
    <Project Path="src/NetEvolve.HealthChecks.QuestDB/NetEvolve.HealthChecks.QuestDB.csproj" Id="ade52b6b-ed5e-48cf-9b1e-059127432d9e" />
    <Project Path="src/NetEvolve.HealthChecks.RabbitMQ/NetEvolve.HealthChecks.RabbitMQ.csproj" />
    <Project Path="src/NetEvolve.HealthChecks.RavenDb/NetEvolve.HealthChecks.RavenDb.csproj" />
    <Project Path="src/NetEvolve.HealthChecks.Redis/NetEvolve.HealthChecks.Redis.csproj" />
    <Project Path="src/NetEvolve.HealthChecks.Redpanda/NetEvolve.HealthChecks.Redpanda.csproj" />
    <Project Path="src/NetEvolve.HealthChecks.SQLite.Devart/NetEvolve.HealthChecks.SQLite.Devart.csproj" />
    <Project Path="src/NetEvolve.HealthChecks.SQLite.Legacy/NetEvolve.HealthChecks.SQLite.Legacy.csproj" />
    <Project Path="src/NetEvolve.HealthChecks.SQLite/NetEvolve.HealthChecks.SQLite.csproj" />
    <Project Path="src/NetEvolve.HealthChecks.SqlServer.Devart/NetEvolve.HealthChecks.SqlServer.Devart.csproj" />
    <Project Path="src/NetEvolve.HealthChecks.SqlServer.Legacy/NetEvolve.HealthChecks.SqlServer.Legacy.csproj" />
    <Project Path="src/NetEvolve.HealthChecks.SqlServer/NetEvolve.HealthChecks.SqlServer.csproj" />
    <Project Path="src/NetEvolve.HealthChecks/NetEvolve.HealthChecks.csproj" />
    <Project Path="src/SourceGenerator.Attributes/SourceGenerator.Attributes.csproj" />
    <Project Path="src/SourceGenerator.HealthChecks/SourceGenerator.HealthChecks.csproj" />
  </Folder>
  <Folder Name="/tests/">
    <Project Path="tests/NetEvolve.HealthChecks.Tests.Architecture/NetEvolve.HealthChecks.Tests.Architecture.csproj" />
    <Project Path="tests/NetEvolve.HealthChecks.Tests.Integration/NetEvolve.HealthChecks.Tests.Integration.csproj" />
    <Project Path="tests/NetEvolve.HealthChecks.Tests.Unit/NetEvolve.HealthChecks.Tests.Unit.csproj" />
  </Folder>
</Solution>
