
Microsoft Visual Studio Solution File, Format Version 12.00
# Visual Studio Version 17
VisualStudioVersion = 17.0.31903.59
MinimumVisualStudioVersion = 10.0.40219.1
Project("{2150E333-8FDC-42A3-9474-1A3956D46DE8}") = "Solution Items", "Solution Items", "{6CB71215-8619-4502-A91B-9711981EC78A}"
	ProjectSection(SolutionItems) = preProject
		.editorconfig = .editorconfig
		.filenesting.json = .filenesting.json
		.gitignore = .gitignore
		.gitmodules = .gitmodules
		Directory.Build.props = Directory.Build.props
		Directory.Build.targets = Directory.Build.targets
		Directory.Packages.props = Directory.Packages.props
		Directory.Solution.props = Directory.Solution.props
		GitVersion.yml = GitVersion.yml
		LICENSE = LICENSE
		new-project.ps1 = new-project.ps1
		nuget.config = nuget.config
		README.md = README.md
		update-solution.ps1 = update-solution.ps1
	EndProjectSection
EndProject
Project("{2150E333-8FDC-42A3-9474-1A3956D46DE8}") = "src", "src", "{EF615D18-42E2-48A4-8EBA-E652DC574C56}"
EndProject
Project("{9A19103F-16F7-4668-BE54-9A1E7A4F7556}") = "NetEvolve.HealthChecks", "src\NetEvolve.HealthChecks\NetEvolve.HealthChecks.csproj", "{155804C5-E006-4E8F-B786-30F52D739C33}"
EndProject
Project("{9A19103F-16F7-4668-BE54-9A1E7A4F7556}") = "NetEvolve.HealthChecks.Apache.Kafka", "src\NetEvolve.HealthChecks.Apache.Kafka\NetEvolve.HealthChecks.Apache.Kafka.csproj", "{B659B233-4DAE-4A69-B153-E52D4D3C971E}"
EndProject
Project("{9A19103F-16F7-4668-BE54-9A1E7A4F7556}") = "NetEvolve.HealthChecks.MySql", "src\NetEvolve.HealthChecks.MySql\NetEvolve.HealthChecks.MySql.csproj", "{D451D432-AE27-40BC-8421-7F0C0424F3DA}"
EndProject
Project("{9A19103F-16F7-4668-BE54-9A1E7A4F7556}") = "NetEvolve.HealthChecks.MySql.Connector", "src\NetEvolve.HealthChecks.MySql.Connector\NetEvolve.HealthChecks.MySql.Connector.csproj", "{0F31ED84-5EAE-44F0-8FC0-B0F9658A059F}"
EndProject
Project("{9A19103F-16F7-4668-BE54-9A1E7A4F7556}") = "NetEvolve.HealthChecks.Npgsql", "src\NetEvolve.HealthChecks.Npgsql\NetEvolve.HealthChecks.Npgsql.csproj", "{0992458F-D06A-4E8D-83DE-C39345A16D63}"
EndProject
Project("{9A19103F-16F7-4668-BE54-9A1E7A4F7556}") = "NetEvolve.HealthChecks.Oracle", "src\NetEvolve.HealthChecks.Oracle\NetEvolve.HealthChecks.Oracle.csproj", "{4CDE3630-D03E-43E2-AE87-4747696EB8E0}"
EndProject
Project("{9A19103F-16F7-4668-BE54-9A1E7A4F7556}") = "NetEvolve.HealthChecks.Redpanda", "src\NetEvolve.HealthChecks.Redpanda\NetEvolve.HealthChecks.Redpanda.csproj", "{2C63B6BB-C794-416E-9B50-87493A300D42}"
EndProject
Project("{9A19103F-16F7-4668-BE54-9A1E7A4F7556}") = "NetEvolve.HealthChecks.SQLite", "src\NetEvolve.HealthChecks.SQLite\NetEvolve.HealthChecks.SQLite.csproj", "{6E6C284E-1398-4725-856F-A3B61E8E2E4F}"
EndProject
Project("{9A19103F-16F7-4668-BE54-9A1E7A4F7556}") = "NetEvolve.HealthChecks.SqlServer", "src\NetEvolve.HealthChecks.SqlServer\NetEvolve.HealthChecks.SqlServer.csproj", "{F83D6868-F619-49F1-88B7-EDCBE019A541}"
EndProject
Project("{9A19103F-16F7-4668-BE54-9A1E7A4F7556}") = "NetEvolve.HealthChecks.SqlServer.Legacy", "src\NetEvolve.HealthChecks.SqlServer.Legacy\NetEvolve.HealthChecks.SqlServer.Legacy.csproj", "{71B1EF81-1666-4A9B-8279-83F0F066226F}"
EndProject
Project("{9A19103F-16F7-4668-BE54-9A1E7A4F7556}") = "NetEvolve.HealthChecks.Abstractions", "src\NetEvolve.HealthChecks.Abstractions\NetEvolve.HealthChecks.Abstractions.csproj", "{81F6A354-2A58-4666-A5AA-B587F6249403}"
EndProject
Project("{9A19103F-16F7-4668-BE54-9A1E7A4F7556}") = "NetEvolve.HealthChecks.ClickHouse", "src\NetEvolve.HealthChecks.ClickHouse\NetEvolve.HealthChecks.ClickHouse.csproj", "{F0D843B5-3F10-42F0-BB04-B983C96B8A5E}"
EndProject
Project("{9A19103F-16F7-4668-BE54-9A1E7A4F7556}") = "NetEvolve.HealthChecks.Dapr", "src\NetEvolve.HealthChecks.Dapr\NetEvolve.HealthChecks.Dapr.csproj", "{6FBD398C-0E44-4718-A8DD-828C8B83C36B}"
EndProject
Project("{9A19103F-16F7-4668-BE54-9A1E7A4F7556}") = "NetEvolve.HealthChecks.Azure.Blobs", "src\NetEvolve.HealthChecks.Azure.Blobs\NetEvolve.HealthChecks.Azure.Blobs.csproj", "{15BB9AE6-EFC3-417C-90F9-0B223CF685B5}"
EndProject
Project("{9A19103F-16F7-4668-BE54-9A1E7A4F7556}") = "NetEvolve.HealthChecks.Azure.Queues", "src\NetEvolve.HealthChecks.Azure.Queues\NetEvolve.HealthChecks.Azure.Queues.csproj", "{06089C14-C49F-4C4D-B690-05AEBC8FD822}"
EndProject
Project("{9A19103F-16F7-4668-BE54-9A1E7A4F7556}") = "NetEvolve.HealthChecks.Azure.Tables", "src\NetEvolve.HealthChecks.Azure.Tables\NetEvolve.HealthChecks.Azure.Tables.csproj", "{353F6973-0D78-46F3-AF1F-FDCFEC901D7F}"
EndProject
Project("{9A19103F-16F7-4668-BE54-9A1E7A4F7556}") = "NetEvolve.HealthChecks.Redis", "src\NetEvolve.HealthChecks.Redis\NetEvolve.HealthChecks.Redis.csproj", "{93316898-9723-41F6-8066-8B38AD8F9D66}"
EndProject
Project("{2150E333-8FDC-42A3-9474-1A3956D46DE8}") = "tests", "tests", "{E412EC77-2022-4A1D-AAC1-FDF1A4A45827}"
EndProject
Project("{FAE04EC0-301F-11D3-BF4B-00C04F79EFBC}") = "NetEvolve.HealthChecks.Tests.Unit", "tests\NetEvolve.HealthChecks.Tests.Unit\NetEvolve.HealthChecks.Tests.Unit.csproj", "{66406BE8-0281-4C95-B90B-20CAE4516A16}"
EndProject
Project("{FAE04EC0-301F-11D3-BF4B-00C04F79EFBC}") = "NetEvolve.HealthChecks.Tests.Integration", "tests\NetEvolve.HealthChecks.Tests.Integration\NetEvolve.HealthChecks.Tests.Integration.csproj", "{2B089420-E791-44E7-B471-F6F527B33E1C}"
EndProject
Project("{FAE04EC0-301F-11D3-BF4B-00C04F79EFBC}") = "NetEvolve.HealthChecks.Tests.Architecture", "tests\NetEvolve.HealthChecks.Tests.Architecture\NetEvolve.HealthChecks.Tests.Architecture.csproj", "{17BCA132-1FBB-46C1-B6A1-60F64969383D}"
EndProject
Project("{FAE04EC0-301F-11D3-BF4B-00C04F79EFBC}") = "NetEvolve.HealthChecks.Apache.ActiveMq", "src\NetEvolve.HealthChecks.Apache.ActiveMq\NetEvolve.HealthChecks.Apache.ActiveMq.csproj", "{1F26E911-E73F-409A-87FC-1214EF36FF61}"
EndProject
Project("{FAE04EC0-301F-11D3-BF4B-00C04F79EFBC}") = "NetEvolve.HealthChecks.AWS.SNS", "src\NetEvolve.HealthChecks.AWS.SNS\NetEvolve.HealthChecks.AWS.SNS.csproj", "{546D5904-1811-457F-8C48-3F78D7F0C803}"
EndProject
Project("{FAE04EC0-301F-11D3-BF4B-00C04F79EFBC}") = "NetEvolve.HealthChecks.Azure.ServiceBus", "src\NetEvolve.HealthChecks.Azure.ServiceBus\NetEvolve.HealthChecks.Azure.ServiceBus.csproj", "{6133570F-FF54-480D-8979-B0787022EA6A}"
EndProject
Project("{FAE04EC0-301F-11D3-BF4B-00C04F79EFBC}") = "NetEvolve.HealthChecks.Qdrant", "src\NetEvolve.HealthChecks.Qdrant\NetEvolve.HealthChecks.Qdrant.csproj", "{C8A7D343-6785-48CB-A6B5-6A5863A1F4F0}"
EndProject
Project("{FAE04EC0-301F-11D3-BF4B-00C04F79EFBC}") = "NetEvolve.HealthChecks.Firebird", "src\NetEvolve.HealthChecks.Firebird\NetEvolve.HealthChecks.Firebird.csproj", "{C9DCEB02-764C-4F05-BF80-EBBBD985F490}"
EndProject
Project("{FAE04EC0-301F-11D3-BF4B-00C04F79EFBC}") = "NetEvolve.HealthChecks.RabbitMQ", "src\NetEvolve.HealthChecks.RabbitMQ\NetEvolve.HealthChecks.RabbitMQ.csproj", "{4CECE3E6-49CA-4A4E-8233-800633B03EED}"
EndProject
Project("{FAE04EC0-301F-11D3-BF4B-00C04F79EFBC}") = "NetEvolve.HealthChecks.MongoDb", "src\NetEvolve.HealthChecks.MongoDb\NetEvolve.HealthChecks.MongoDb.csproj", "{A7BE67E3-4AF7-426B-BDC3-347A4E4F0964}"
EndProject
Project("{FAE04EC0-301F-11D3-BF4B-00C04F79EFBC}") = "NetEvolve.HealthChecks.RavenDb", "src\NetEvolve.HealthChecks.RavenDb\NetEvolve.HealthChecks.RavenDb.csproj", "{EB4D7D72-F896-45F2-9833-D72E210EC7E3}"
EndProject
Project("{FAE04EC0-301F-11D3-BF4B-00C04F79EFBC}") = "NetEvolve.HealthChecks.SQLite.Legacy", "src\NetEvolve.HealthChecks.SQLite.Legacy\NetEvolve.HealthChecks.SQLite.Legacy.csproj", "{8A191B3E-24B2-4CF2-B5DB-3B51D0C1AC47}"
EndProject
Project("{FAE04EC0-301F-11D3-BF4B-00C04F79EFBC}") = "NetEvolve.HealthChecks.DuckDB", "src\NetEvolve.HealthChecks.DuckDB\NetEvolve.HealthChecks.DuckDB.csproj", "{6E0CE699-B5A4-4F92-A9C6-794CE0C9C4B3}"
EndProject
Project("{FAE04EC0-301F-11D3-BF4B-00C04F79EFBC}") = "NetEvolve.HealthChecks.DB2", "src\NetEvolve.HealthChecks.DB2\NetEvolve.HealthChecks.DB2.csproj", "{4D6D5FB4-7570-4648-B9AF-816C284323E6}"
EndProject
Project("{FAE04EC0-301F-11D3-BF4B-00C04F79EFBC}") = "NetEvolve.HealthChecks.Odbc", "src\NetEvolve.HealthChecks.Odbc\NetEvolve.HealthChecks.Odbc.csproj", "{3074A915-2C7A-4C0B-A8E5-741E3DA5B0F2}"
EndProject
Project("{FAE04EC0-301F-11D3-BF4B-00C04F79EFBC}") = "NetEvolve.HealthChecks.AWS", "src\NetEvolve.HealthChecks.AWS\NetEvolve.HealthChecks.AWS.csproj", "{C6F3E76E-0C98-4719-9869-051A2A783373}"
EndProject
Project("{FAE04EC0-301F-11D3-BF4B-00C04F79EFBC}") = "NetEvolve.HealthChecks.Azure", "src\NetEvolve.HealthChecks.Azure\NetEvolve.HealthChecks.Azure.csproj", "{80FC5AB3-F512-4F3F-8326-B5AB3D62309F}"
EndProject
Global
	GlobalSection(SolutionConfigurationPlatforms) = preSolution
		Debug|Any CPU = Debug|Any CPU
		Debug|x64 = Debug|x64
		Debug|x86 = Debug|x86
		Release|Any CPU = Release|Any CPU
		Release|x64 = Release|x64
		Release|x86 = Release|x86
	EndGlobalSection
	GlobalSection(ProjectConfigurationPlatforms) = postSolution
		{155804C5-E006-4E8F-B786-30F52D739C33}.Debug|Any CPU.ActiveCfg = Debug|Any CPU
		{155804C5-E006-4E8F-B786-30F52D739C33}.Debug|Any CPU.Build.0 = Debug|Any CPU
		{155804C5-E006-4E8F-B786-30F52D739C33}.Debug|x64.ActiveCfg = Debug|Any CPU
		{155804C5-E006-4E8F-B786-30F52D739C33}.Debug|x64.Build.0 = Debug|Any CPU
		{155804C5-E006-4E8F-B786-30F52D739C33}.Debug|x86.ActiveCfg = Debug|Any CPU
		{155804C5-E006-4E8F-B786-30F52D739C33}.Debug|x86.Build.0 = Debug|Any CPU
		{155804C5-E006-4E8F-B786-30F52D739C33}.Release|Any CPU.ActiveCfg = Release|Any CPU
		{155804C5-E006-4E8F-B786-30F52D739C33}.Release|Any CPU.Build.0 = Release|Any CPU
		{155804C5-E006-4E8F-B786-30F52D739C33}.Release|x64.ActiveCfg = Release|Any CPU
		{155804C5-E006-4E8F-B786-30F52D739C33}.Release|x64.Build.0 = Release|Any CPU
		{155804C5-E006-4E8F-B786-30F52D739C33}.Release|x86.ActiveCfg = Release|Any CPU
		{155804C5-E006-4E8F-B786-30F52D739C33}.Release|x86.Build.0 = Release|Any CPU
		{B659B233-4DAE-4A69-B153-E52D4D3C971E}.Debug|Any CPU.ActiveCfg = Debug|Any CPU
		{B659B233-4DAE-4A69-B153-E52D4D3C971E}.Debug|Any CPU.Build.0 = Debug|Any CPU
		{B659B233-4DAE-4A69-B153-E52D4D3C971E}.Debug|x64.ActiveCfg = Debug|Any CPU
		{B659B233-4DAE-4A69-B153-E52D4D3C971E}.Debug|x64.Build.0 = Debug|Any CPU
		{B659B233-4DAE-4A69-B153-E52D4D3C971E}.Debug|x86.ActiveCfg = Debug|Any CPU
		{B659B233-4DAE-4A69-B153-E52D4D3C971E}.Debug|x86.Build.0 = Debug|Any CPU
		{B659B233-4DAE-4A69-B153-E52D4D3C971E}.Release|Any CPU.ActiveCfg = Release|Any CPU
		{B659B233-4DAE-4A69-B153-E52D4D3C971E}.Release|Any CPU.Build.0 = Release|Any CPU
		{B659B233-4DAE-4A69-B153-E52D4D3C971E}.Release|x64.ActiveCfg = Release|Any CPU
		{B659B233-4DAE-4A69-B153-E52D4D3C971E}.Release|x64.Build.0 = Release|Any CPU
		{B659B233-4DAE-4A69-B153-E52D4D3C971E}.Release|x86.ActiveCfg = Release|Any CPU
		{B659B233-4DAE-4A69-B153-E52D4D3C971E}.Release|x86.Build.0 = Release|Any CPU
		{D451D432-AE27-40BC-8421-7F0C0424F3DA}.Debug|Any CPU.ActiveCfg = Debug|Any CPU
		{D451D432-AE27-40BC-8421-7F0C0424F3DA}.Debug|Any CPU.Build.0 = Debug|Any CPU
		{D451D432-AE27-40BC-8421-7F0C0424F3DA}.Debug|x64.ActiveCfg = Debug|Any CPU
		{D451D432-AE27-40BC-8421-7F0C0424F3DA}.Debug|x64.Build.0 = Debug|Any CPU
		{D451D432-AE27-40BC-8421-7F0C0424F3DA}.Debug|x86.ActiveCfg = Debug|Any CPU
		{D451D432-AE27-40BC-8421-7F0C0424F3DA}.Debug|x86.Build.0 = Debug|Any CPU
		{D451D432-AE27-40BC-8421-7F0C0424F3DA}.Release|Any CPU.ActiveCfg = Release|Any CPU
		{D451D432-AE27-40BC-8421-7F0C0424F3DA}.Release|Any CPU.Build.0 = Release|Any CPU
		{D451D432-AE27-40BC-8421-7F0C0424F3DA}.Release|x64.ActiveCfg = Release|Any CPU
		{D451D432-AE27-40BC-8421-7F0C0424F3DA}.Release|x64.Build.0 = Release|Any CPU
		{D451D432-AE27-40BC-8421-7F0C0424F3DA}.Release|x86.ActiveCfg = Release|Any CPU
		{D451D432-AE27-40BC-8421-7F0C0424F3DA}.Release|x86.Build.0 = Release|Any CPU
		{0F31ED84-5EAE-44F0-8FC0-B0F9658A059F}.Debug|Any CPU.ActiveCfg = Debug|Any CPU
		{0F31ED84-5EAE-44F0-8FC0-B0F9658A059F}.Debug|Any CPU.Build.0 = Debug|Any CPU
		{0F31ED84-5EAE-44F0-8FC0-B0F9658A059F}.Debug|x64.ActiveCfg = Debug|Any CPU
		{0F31ED84-5EAE-44F0-8FC0-B0F9658A059F}.Debug|x64.Build.0 = Debug|Any CPU
		{0F31ED84-5EAE-44F0-8FC0-B0F9658A059F}.Debug|x86.ActiveCfg = Debug|Any CPU
		{0F31ED84-5EAE-44F0-8FC0-B0F9658A059F}.Debug|x86.Build.0 = Debug|Any CPU
		{0F31ED84-5EAE-44F0-8FC0-B0F9658A059F}.Release|Any CPU.ActiveCfg = Release|Any CPU
		{0F31ED84-5EAE-44F0-8FC0-B0F9658A059F}.Release|Any CPU.Build.0 = Release|Any CPU
		{0F31ED84-5EAE-44F0-8FC0-B0F9658A059F}.Release|x64.ActiveCfg = Release|Any CPU
		{0F31ED84-5EAE-44F0-8FC0-B0F9658A059F}.Release|x64.Build.0 = Release|Any CPU
		{0F31ED84-5EAE-44F0-8FC0-B0F9658A059F}.Release|x86.ActiveCfg = Release|Any CPU
		{0F31ED84-5EAE-44F0-8FC0-B0F9658A059F}.Release|x86.Build.0 = Release|Any CPU
		{0992458F-D06A-4E8D-83DE-C39345A16D63}.Debug|Any CPU.ActiveCfg = Debug|Any CPU
		{0992458F-D06A-4E8D-83DE-C39345A16D63}.Debug|Any CPU.Build.0 = Debug|Any CPU
		{0992458F-D06A-4E8D-83DE-C39345A16D63}.Debug|x64.ActiveCfg = Debug|Any CPU
		{0992458F-D06A-4E8D-83DE-C39345A16D63}.Debug|x64.Build.0 = Debug|Any CPU
		{0992458F-D06A-4E8D-83DE-C39345A16D63}.Debug|x86.ActiveCfg = Debug|Any CPU
		{0992458F-D06A-4E8D-83DE-C39345A16D63}.Debug|x86.Build.0 = Debug|Any CPU
		{0992458F-D06A-4E8D-83DE-C39345A16D63}.Release|Any CPU.ActiveCfg = Release|Any CPU
		{0992458F-D06A-4E8D-83DE-C39345A16D63}.Release|Any CPU.Build.0 = Release|Any CPU
		{0992458F-D06A-4E8D-83DE-C39345A16D63}.Release|x64.ActiveCfg = Release|Any CPU
		{0992458F-D06A-4E8D-83DE-C39345A16D63}.Release|x64.Build.0 = Release|Any CPU
		{0992458F-D06A-4E8D-83DE-C39345A16D63}.Release|x86.ActiveCfg = Release|Any CPU
		{0992458F-D06A-4E8D-83DE-C39345A16D63}.Release|x86.Build.0 = Release|Any CPU
		{4CDE3630-D03E-43E2-AE87-4747696EB8E0}.Debug|Any CPU.ActiveCfg = Debug|Any CPU
		{4CDE3630-D03E-43E2-AE87-4747696EB8E0}.Debug|Any CPU.Build.0 = Debug|Any CPU
		{4CDE3630-D03E-43E2-AE87-4747696EB8E0}.Debug|x64.ActiveCfg = Debug|Any CPU
		{4CDE3630-D03E-43E2-AE87-4747696EB8E0}.Debug|x64.Build.0 = Debug|Any CPU
		{4CDE3630-D03E-43E2-AE87-4747696EB8E0}.Debug|x86.ActiveCfg = Debug|Any CPU
		{4CDE3630-D03E-43E2-AE87-4747696EB8E0}.Debug|x86.Build.0 = Debug|Any CPU
		{4CDE3630-D03E-43E2-AE87-4747696EB8E0}.Release|Any CPU.ActiveCfg = Release|Any CPU
		{4CDE3630-D03E-43E2-AE87-4747696EB8E0}.Release|Any CPU.Build.0 = Release|Any CPU
		{4CDE3630-D03E-43E2-AE87-4747696EB8E0}.Release|x64.ActiveCfg = Release|Any CPU
		{4CDE3630-D03E-43E2-AE87-4747696EB8E0}.Release|x64.Build.0 = Release|Any CPU
		{4CDE3630-D03E-43E2-AE87-4747696EB8E0}.Release|x86.ActiveCfg = Release|Any CPU
		{4CDE3630-D03E-43E2-AE87-4747696EB8E0}.Release|x86.Build.0 = Release|Any CPU
		{2C63B6BB-C794-416E-9B50-87493A300D42}.Debug|Any CPU.ActiveCfg = Debug|Any CPU
		{2C63B6BB-C794-416E-9B50-87493A300D42}.Debug|Any CPU.Build.0 = Debug|Any CPU
		{2C63B6BB-C794-416E-9B50-87493A300D42}.Debug|x64.ActiveCfg = Debug|Any CPU
		{2C63B6BB-C794-416E-9B50-87493A300D42}.Debug|x64.Build.0 = Debug|Any CPU
		{2C63B6BB-C794-416E-9B50-87493A300D42}.Debug|x86.ActiveCfg = Debug|Any CPU
		{2C63B6BB-C794-416E-9B50-87493A300D42}.Debug|x86.Build.0 = Debug|Any CPU
		{2C63B6BB-C794-416E-9B50-87493A300D42}.Release|Any CPU.ActiveCfg = Release|Any CPU
		{2C63B6BB-C794-416E-9B50-87493A300D42}.Release|Any CPU.Build.0 = Release|Any CPU
		{2C63B6BB-C794-416E-9B50-87493A300D42}.Release|x64.ActiveCfg = Release|Any CPU
		{2C63B6BB-C794-416E-9B50-87493A300D42}.Release|x64.Build.0 = Release|Any CPU
		{2C63B6BB-C794-416E-9B50-87493A300D42}.Release|x86.ActiveCfg = Release|Any CPU
		{2C63B6BB-C794-416E-9B50-87493A300D42}.Release|x86.Build.0 = Release|Any CPU
		{6E6C284E-1398-4725-856F-A3B61E8E2E4F}.Debug|Any CPU.ActiveCfg = Debug|Any CPU
		{6E6C284E-1398-4725-856F-A3B61E8E2E4F}.Debug|Any CPU.Build.0 = Debug|Any CPU
		{6E6C284E-1398-4725-856F-A3B61E8E2E4F}.Debug|x64.ActiveCfg = Debug|Any CPU
		{6E6C284E-1398-4725-856F-A3B61E8E2E4F}.Debug|x64.Build.0 = Debug|Any CPU
		{6E6C284E-1398-4725-856F-A3B61E8E2E4F}.Debug|x86.ActiveCfg = Debug|Any CPU
		{6E6C284E-1398-4725-856F-A3B61E8E2E4F}.Debug|x86.Build.0 = Debug|Any CPU
		{6E6C284E-1398-4725-856F-A3B61E8E2E4F}.Release|Any CPU.ActiveCfg = Release|Any CPU
		{6E6C284E-1398-4725-856F-A3B61E8E2E4F}.Release|Any CPU.Build.0 = Release|Any CPU
		{6E6C284E-1398-4725-856F-A3B61E8E2E4F}.Release|x64.ActiveCfg = Release|Any CPU
		{6E6C284E-1398-4725-856F-A3B61E8E2E4F}.Release|x64.Build.0 = Release|Any CPU
		{6E6C284E-1398-4725-856F-A3B61E8E2E4F}.Release|x86.ActiveCfg = Release|Any CPU
		{6E6C284E-1398-4725-856F-A3B61E8E2E4F}.Release|x86.Build.0 = Release|Any CPU
		{F83D6868-F619-49F1-88B7-EDCBE019A541}.Debug|Any CPU.ActiveCfg = Debug|Any CPU
		{F83D6868-F619-49F1-88B7-EDCBE019A541}.Debug|Any CPU.Build.0 = Debug|Any CPU
		{F83D6868-F619-49F1-88B7-EDCBE019A541}.Debug|x64.ActiveCfg = Debug|Any CPU
		{F83D6868-F619-49F1-88B7-EDCBE019A541}.Debug|x64.Build.0 = Debug|Any CPU
		{F83D6868-F619-49F1-88B7-EDCBE019A541}.Debug|x86.ActiveCfg = Debug|Any CPU
		{F83D6868-F619-49F1-88B7-EDCBE019A541}.Debug|x86.Build.0 = Debug|Any CPU
		{F83D6868-F619-49F1-88B7-EDCBE019A541}.Release|Any CPU.ActiveCfg = Release|Any CPU
		{F83D6868-F619-49F1-88B7-EDCBE019A541}.Release|Any CPU.Build.0 = Release|Any CPU
		{F83D6868-F619-49F1-88B7-EDCBE019A541}.Release|x64.ActiveCfg = Release|Any CPU
		{F83D6868-F619-49F1-88B7-EDCBE019A541}.Release|x64.Build.0 = Release|Any CPU
		{F83D6868-F619-49F1-88B7-EDCBE019A541}.Release|x86.ActiveCfg = Release|Any CPU
		{F83D6868-F619-49F1-88B7-EDCBE019A541}.Release|x86.Build.0 = Release|Any CPU
		{71B1EF81-1666-4A9B-8279-83F0F066226F}.Debug|Any CPU.ActiveCfg = Debug|Any CPU
		{71B1EF81-1666-4A9B-8279-83F0F066226F}.Debug|Any CPU.Build.0 = Debug|Any CPU
		{71B1EF81-1666-4A9B-8279-83F0F066226F}.Debug|x64.ActiveCfg = Debug|Any CPU
		{71B1EF81-1666-4A9B-8279-83F0F066226F}.Debug|x64.Build.0 = Debug|Any CPU
		{71B1EF81-1666-4A9B-8279-83F0F066226F}.Debug|x86.ActiveCfg = Debug|Any CPU
		{71B1EF81-1666-4A9B-8279-83F0F066226F}.Debug|x86.Build.0 = Debug|Any CPU
		{71B1EF81-1666-4A9B-8279-83F0F066226F}.Release|Any CPU.ActiveCfg = Release|Any CPU
		{71B1EF81-1666-4A9B-8279-83F0F066226F}.Release|Any CPU.Build.0 = Release|Any CPU
		{71B1EF81-1666-4A9B-8279-83F0F066226F}.Release|x64.ActiveCfg = Release|Any CPU
		{71B1EF81-1666-4A9B-8279-83F0F066226F}.Release|x64.Build.0 = Release|Any CPU
		{71B1EF81-1666-4A9B-8279-83F0F066226F}.Release|x86.ActiveCfg = Release|Any CPU
		{71B1EF81-1666-4A9B-8279-83F0F066226F}.Release|x86.Build.0 = Release|Any CPU
		{81F6A354-2A58-4666-A5AA-B587F6249403}.Debug|Any CPU.ActiveCfg = Debug|Any CPU
		{81F6A354-2A58-4666-A5AA-B587F6249403}.Debug|Any CPU.Build.0 = Debug|Any CPU
		{81F6A354-2A58-4666-A5AA-B587F6249403}.Debug|x64.ActiveCfg = Debug|Any CPU
		{81F6A354-2A58-4666-A5AA-B587F6249403}.Debug|x64.Build.0 = Debug|Any CPU
		{81F6A354-2A58-4666-A5AA-B587F6249403}.Debug|x86.ActiveCfg = Debug|Any CPU
		{81F6A354-2A58-4666-A5AA-B587F6249403}.Debug|x86.Build.0 = Debug|Any CPU
		{81F6A354-2A58-4666-A5AA-B587F6249403}.Release|Any CPU.ActiveCfg = Release|Any CPU
		{81F6A354-2A58-4666-A5AA-B587F6249403}.Release|Any CPU.Build.0 = Release|Any CPU
		{81F6A354-2A58-4666-A5AA-B587F6249403}.Release|x64.ActiveCfg = Release|Any CPU
		{81F6A354-2A58-4666-A5AA-B587F6249403}.Release|x64.Build.0 = Release|Any CPU
		{81F6A354-2A58-4666-A5AA-B587F6249403}.Release|x86.ActiveCfg = Release|Any CPU
		{81F6A354-2A58-4666-A5AA-B587F6249403}.Release|x86.Build.0 = Release|Any CPU
		{F0D843B5-3F10-42F0-BB04-B983C96B8A5E}.Debug|Any CPU.ActiveCfg = Debug|Any CPU
		{F0D843B5-3F10-42F0-BB04-B983C96B8A5E}.Debug|Any CPU.Build.0 = Debug|Any CPU
		{F0D843B5-3F10-42F0-BB04-B983C96B8A5E}.Debug|x64.ActiveCfg = Debug|Any CPU
		{F0D843B5-3F10-42F0-BB04-B983C96B8A5E}.Debug|x64.Build.0 = Debug|Any CPU
		{F0D843B5-3F10-42F0-BB04-B983C96B8A5E}.Debug|x86.ActiveCfg = Debug|Any CPU
		{F0D843B5-3F10-42F0-BB04-B983C96B8A5E}.Debug|x86.Build.0 = Debug|Any CPU
		{F0D843B5-3F10-42F0-BB04-B983C96B8A5E}.Release|Any CPU.ActiveCfg = Release|Any CPU
		{F0D843B5-3F10-42F0-BB04-B983C96B8A5E}.Release|Any CPU.Build.0 = Release|Any CPU
		{F0D843B5-3F10-42F0-BB04-B983C96B8A5E}.Release|x64.ActiveCfg = Release|Any CPU
		{F0D843B5-3F10-42F0-BB04-B983C96B8A5E}.Release|x64.Build.0 = Release|Any CPU
		{F0D843B5-3F10-42F0-BB04-B983C96B8A5E}.Release|x86.ActiveCfg = Release|Any CPU
		{F0D843B5-3F10-42F0-BB04-B983C96B8A5E}.Release|x86.Build.0 = Release|Any CPU
		{6FBD398C-0E44-4718-A8DD-828C8B83C36B}.Debug|Any CPU.ActiveCfg = Debug|Any CPU
		{6FBD398C-0E44-4718-A8DD-828C8B83C36B}.Debug|Any CPU.Build.0 = Debug|Any CPU
		{6FBD398C-0E44-4718-A8DD-828C8B83C36B}.Debug|x64.ActiveCfg = Debug|Any CPU
		{6FBD398C-0E44-4718-A8DD-828C8B83C36B}.Debug|x64.Build.0 = Debug|Any CPU
		{6FBD398C-0E44-4718-A8DD-828C8B83C36B}.Debug|x86.ActiveCfg = Debug|Any CPU
		{6FBD398C-0E44-4718-A8DD-828C8B83C36B}.Debug|x86.Build.0 = Debug|Any CPU
		{6FBD398C-0E44-4718-A8DD-828C8B83C36B}.Release|Any CPU.ActiveCfg = Release|Any CPU
		{6FBD398C-0E44-4718-A8DD-828C8B83C36B}.Release|Any CPU.Build.0 = Release|Any CPU
		{6FBD398C-0E44-4718-A8DD-828C8B83C36B}.Release|x64.ActiveCfg = Release|Any CPU
		{6FBD398C-0E44-4718-A8DD-828C8B83C36B}.Release|x64.Build.0 = Release|Any CPU
		{6FBD398C-0E44-4718-A8DD-828C8B83C36B}.Release|x86.ActiveCfg = Release|Any CPU
		{6FBD398C-0E44-4718-A8DD-828C8B83C36B}.Release|x86.Build.0 = Release|Any CPU
		{15BB9AE6-EFC3-417C-90F9-0B223CF685B5}.Debug|Any CPU.ActiveCfg = Debug|Any CPU
		{15BB9AE6-EFC3-417C-90F9-0B223CF685B5}.Debug|Any CPU.Build.0 = Debug|Any CPU
		{15BB9AE6-EFC3-417C-90F9-0B223CF685B5}.Debug|x64.ActiveCfg = Debug|Any CPU
		{15BB9AE6-EFC3-417C-90F9-0B223CF685B5}.Debug|x64.Build.0 = Debug|Any CPU
		{15BB9AE6-EFC3-417C-90F9-0B223CF685B5}.Debug|x86.ActiveCfg = Debug|Any CPU
		{15BB9AE6-EFC3-417C-90F9-0B223CF685B5}.Debug|x86.Build.0 = Debug|Any CPU
		{15BB9AE6-EFC3-417C-90F9-0B223CF685B5}.Release|Any CPU.ActiveCfg = Release|Any CPU
		{15BB9AE6-EFC3-417C-90F9-0B223CF685B5}.Release|Any CPU.Build.0 = Release|Any CPU
		{15BB9AE6-EFC3-417C-90F9-0B223CF685B5}.Release|x64.ActiveCfg = Release|Any CPU
		{15BB9AE6-EFC3-417C-90F9-0B223CF685B5}.Release|x64.Build.0 = Release|Any CPU
		{15BB9AE6-EFC3-417C-90F9-0B223CF685B5}.Release|x86.ActiveCfg = Release|Any CPU
		{15BB9AE6-EFC3-417C-90F9-0B223CF685B5}.Release|x86.Build.0 = Release|Any CPU
		{06089C14-C49F-4C4D-B690-05AEBC8FD822}.Debug|Any CPU.ActiveCfg = Debug|Any CPU
		{06089C14-C49F-4C4D-B690-05AEBC8FD822}.Debug|Any CPU.Build.0 = Debug|Any CPU
		{06089C14-C49F-4C4D-B690-05AEBC8FD822}.Debug|x64.ActiveCfg = Debug|Any CPU
		{06089C14-C49F-4C4D-B690-05AEBC8FD822}.Debug|x64.Build.0 = Debug|Any CPU
		{06089C14-C49F-4C4D-B690-05AEBC8FD822}.Debug|x86.ActiveCfg = Debug|Any CPU
		{06089C14-C49F-4C4D-B690-05AEBC8FD822}.Debug|x86.Build.0 = Debug|Any CPU
		{06089C14-C49F-4C4D-B690-05AEBC8FD822}.Release|Any CPU.ActiveCfg = Release|Any CPU
		{06089C14-C49F-4C4D-B690-05AEBC8FD822}.Release|Any CPU.Build.0 = Release|Any CPU
		{06089C14-C49F-4C4D-B690-05AEBC8FD822}.Release|x64.ActiveCfg = Release|Any CPU
		{06089C14-C49F-4C4D-B690-05AEBC8FD822}.Release|x64.Build.0 = Release|Any CPU
		{06089C14-C49F-4C4D-B690-05AEBC8FD822}.Release|x86.ActiveCfg = Release|Any CPU
		{06089C14-C49F-4C4D-B690-05AEBC8FD822}.Release|x86.Build.0 = Release|Any CPU
		{353F6973-0D78-46F3-AF1F-FDCFEC901D7F}.Debug|Any CPU.ActiveCfg = Debug|Any CPU
		{353F6973-0D78-46F3-AF1F-FDCFEC901D7F}.Debug|Any CPU.Build.0 = Debug|Any CPU
		{353F6973-0D78-46F3-AF1F-FDCFEC901D7F}.Debug|x64.ActiveCfg = Debug|Any CPU
		{353F6973-0D78-46F3-AF1F-FDCFEC901D7F}.Debug|x64.Build.0 = Debug|Any CPU
		{353F6973-0D78-46F3-AF1F-FDCFEC901D7F}.Debug|x86.ActiveCfg = Debug|Any CPU
		{353F6973-0D78-46F3-AF1F-FDCFEC901D7F}.Debug|x86.Build.0 = Debug|Any CPU
		{353F6973-0D78-46F3-AF1F-FDCFEC901D7F}.Release|Any CPU.ActiveCfg = Release|Any CPU
		{353F6973-0D78-46F3-AF1F-FDCFEC901D7F}.Release|Any CPU.Build.0 = Release|Any CPU
		{353F6973-0D78-46F3-AF1F-FDCFEC901D7F}.Release|x64.ActiveCfg = Release|Any CPU
		{353F6973-0D78-46F3-AF1F-FDCFEC901D7F}.Release|x64.Build.0 = Release|Any CPU
		{353F6973-0D78-46F3-AF1F-FDCFEC901D7F}.Release|x86.ActiveCfg = Release|Any CPU
		{353F6973-0D78-46F3-AF1F-FDCFEC901D7F}.Release|x86.Build.0 = Release|Any CPU
		{93316898-9723-41F6-8066-8B38AD8F9D66}.Debug|Any CPU.ActiveCfg = Debug|Any CPU
		{93316898-9723-41F6-8066-8B38AD8F9D66}.Debug|Any CPU.Build.0 = Debug|Any CPU
		{93316898-9723-41F6-8066-8B38AD8F9D66}.Debug|x64.ActiveCfg = Debug|Any CPU
		{93316898-9723-41F6-8066-8B38AD8F9D66}.Debug|x64.Build.0 = Debug|Any CPU
		{93316898-9723-41F6-8066-8B38AD8F9D66}.Debug|x86.ActiveCfg = Debug|Any CPU
		{93316898-9723-41F6-8066-8B38AD8F9D66}.Debug|x86.Build.0 = Debug|Any CPU
		{93316898-9723-41F6-8066-8B38AD8F9D66}.Release|Any CPU.ActiveCfg = Release|Any CPU
		{93316898-9723-41F6-8066-8B38AD8F9D66}.Release|Any CPU.Build.0 = Release|Any CPU
		{93316898-9723-41F6-8066-8B38AD8F9D66}.Release|x64.ActiveCfg = Release|Any CPU
		{93316898-9723-41F6-8066-8B38AD8F9D66}.Release|x64.Build.0 = Release|Any CPU
		{93316898-9723-41F6-8066-8B38AD8F9D66}.Release|x86.ActiveCfg = Release|Any CPU
		{93316898-9723-41F6-8066-8B38AD8F9D66}.Release|x86.Build.0 = Release|Any CPU
		{66406BE8-0281-4C95-B90B-20CAE4516A16}.Debug|Any CPU.ActiveCfg = Debug|Any CPU
		{66406BE8-0281-4C95-B90B-20CAE4516A16}.Debug|Any CPU.Build.0 = Debug|Any CPU
		{66406BE8-0281-4C95-B90B-20CAE4516A16}.Debug|x64.ActiveCfg = Debug|Any CPU
		{66406BE8-0281-4C95-B90B-20CAE4516A16}.Debug|x64.Build.0 = Debug|Any CPU
		{66406BE8-0281-4C95-B90B-20CAE4516A16}.Debug|x86.ActiveCfg = Debug|Any CPU
		{66406BE8-0281-4C95-B90B-20CAE4516A16}.Debug|x86.Build.0 = Debug|Any CPU
		{66406BE8-0281-4C95-B90B-20CAE4516A16}.Release|Any CPU.ActiveCfg = Release|Any CPU
		{66406BE8-0281-4C95-B90B-20CAE4516A16}.Release|Any CPU.Build.0 = Release|Any CPU
		{66406BE8-0281-4C95-B90B-20CAE4516A16}.Release|x64.ActiveCfg = Release|Any CPU
		{66406BE8-0281-4C95-B90B-20CAE4516A16}.Release|x64.Build.0 = Release|Any CPU
		{66406BE8-0281-4C95-B90B-20CAE4516A16}.Release|x86.ActiveCfg = Release|Any CPU
		{66406BE8-0281-4C95-B90B-20CAE4516A16}.Release|x86.Build.0 = Release|Any CPU
		{2B089420-E791-44E7-B471-F6F527B33E1C}.Debug|Any CPU.ActiveCfg = Debug|Any CPU
		{2B089420-E791-44E7-B471-F6F527B33E1C}.Debug|Any CPU.Build.0 = Debug|Any CPU
		{2B089420-E791-44E7-B471-F6F527B33E1C}.Debug|x64.ActiveCfg = Debug|Any CPU
		{2B089420-E791-44E7-B471-F6F527B33E1C}.Debug|x64.Build.0 = Debug|Any CPU
		{2B089420-E791-44E7-B471-F6F527B33E1C}.Debug|x86.ActiveCfg = Debug|Any CPU
		{2B089420-E791-44E7-B471-F6F527B33E1C}.Debug|x86.Build.0 = Debug|Any CPU
		{2B089420-E791-44E7-B471-F6F527B33E1C}.Release|Any CPU.ActiveCfg = Release|Any CPU
		{2B089420-E791-44E7-B471-F6F527B33E1C}.Release|Any CPU.Build.0 = Release|Any CPU
		{2B089420-E791-44E7-B471-F6F527B33E1C}.Release|x64.ActiveCfg = Release|Any CPU
		{2B089420-E791-44E7-B471-F6F527B33E1C}.Release|x64.Build.0 = Release|Any CPU
		{2B089420-E791-44E7-B471-F6F527B33E1C}.Release|x86.ActiveCfg = Release|Any CPU
		{2B089420-E791-44E7-B471-F6F527B33E1C}.Release|x86.Build.0 = Release|Any CPU
		{17BCA132-1FBB-46C1-B6A1-60F64969383D}.Debug|Any CPU.ActiveCfg = Debug|Any CPU
		{17BCA132-1FBB-46C1-B6A1-60F64969383D}.Debug|Any CPU.Build.0 = Debug|Any CPU
		{17BCA132-1FBB-46C1-B6A1-60F64969383D}.Debug|x64.ActiveCfg = Debug|Any CPU
		{17BCA132-1FBB-46C1-B6A1-60F64969383D}.Debug|x64.Build.0 = Debug|Any CPU
		{17BCA132-1FBB-46C1-B6A1-60F64969383D}.Debug|x86.ActiveCfg = Debug|Any CPU
		{17BCA132-1FBB-46C1-B6A1-60F64969383D}.Debug|x86.Build.0 = Debug|Any CPU
		{17BCA132-1FBB-46C1-B6A1-60F64969383D}.Release|Any CPU.ActiveCfg = Release|Any CPU
		{17BCA132-1FBB-46C1-B6A1-60F64969383D}.Release|Any CPU.Build.0 = Release|Any CPU
		{17BCA132-1FBB-46C1-B6A1-60F64969383D}.Release|x64.ActiveCfg = Release|Any CPU
		{17BCA132-1FBB-46C1-B6A1-60F64969383D}.Release|x64.Build.0 = Release|Any CPU
		{17BCA132-1FBB-46C1-B6A1-60F64969383D}.Release|x86.ActiveCfg = Release|Any CPU
		{17BCA132-1FBB-46C1-B6A1-60F64969383D}.Release|x86.Build.0 = Release|Any CPU
		{1F26E911-E73F-409A-87FC-1214EF36FF61}.Debug|Any CPU.ActiveCfg = Debug|Any CPU
		{1F26E911-E73F-409A-87FC-1214EF36FF61}.Debug|Any CPU.Build.0 = Debug|Any CPU
		{1F26E911-E73F-409A-87FC-1214EF36FF61}.Debug|x64.ActiveCfg = Debug|Any CPU
		{1F26E911-E73F-409A-87FC-1214EF36FF61}.Debug|x64.Build.0 = Debug|Any CPU
		{1F26E911-E73F-409A-87FC-1214EF36FF61}.Debug|x86.ActiveCfg = Debug|Any CPU
		{1F26E911-E73F-409A-87FC-1214EF36FF61}.Debug|x86.Build.0 = Debug|Any CPU
		{1F26E911-E73F-409A-87FC-1214EF36FF61}.Release|Any CPU.ActiveCfg = Release|Any CPU
		{1F26E911-E73F-409A-87FC-1214EF36FF61}.Release|Any CPU.Build.0 = Release|Any CPU
		{1F26E911-E73F-409A-87FC-1214EF36FF61}.Release|x64.ActiveCfg = Release|Any CPU
		{1F26E911-E73F-409A-87FC-1214EF36FF61}.Release|x64.Build.0 = Release|Any CPU
		{1F26E911-E73F-409A-87FC-1214EF36FF61}.Release|x86.ActiveCfg = Release|Any CPU
		{1F26E911-E73F-409A-87FC-1214EF36FF61}.Release|x86.Build.0 = Release|Any CPU
		{546D5904-1811-457F-8C48-3F78D7F0C803}.Debug|Any CPU.ActiveCfg = Debug|Any CPU
		{546D5904-1811-457F-8C48-3F78D7F0C803}.Debug|Any CPU.Build.0 = Debug|Any CPU
		{546D5904-1811-457F-8C48-3F78D7F0C803}.Debug|x64.ActiveCfg = Debug|Any CPU
		{546D5904-1811-457F-8C48-3F78D7F0C803}.Debug|x64.Build.0 = Debug|Any CPU
		{546D5904-1811-457F-8C48-3F78D7F0C803}.Debug|x86.ActiveCfg = Debug|Any CPU
		{546D5904-1811-457F-8C48-3F78D7F0C803}.Debug|x86.Build.0 = Debug|Any CPU
		{546D5904-1811-457F-8C48-3F78D7F0C803}.Release|Any CPU.ActiveCfg = Release|Any CPU
		{546D5904-1811-457F-8C48-3F78D7F0C803}.Release|Any CPU.Build.0 = Release|Any CPU
		{546D5904-1811-457F-8C48-3F78D7F0C803}.Release|x64.ActiveCfg = Release|Any CPU
		{546D5904-1811-457F-8C48-3F78D7F0C803}.Release|x64.Build.0 = Release|Any CPU
		{546D5904-1811-457F-8C48-3F78D7F0C803}.Release|x86.ActiveCfg = Release|Any CPU
		{546D5904-1811-457F-8C48-3F78D7F0C803}.Release|x86.Build.0 = Release|Any CPU
		{6133570F-FF54-480D-8979-B0787022EA6A}.Debug|Any CPU.ActiveCfg = Debug|Any CPU
		{6133570F-FF54-480D-8979-B0787022EA6A}.Debug|Any CPU.Build.0 = Debug|Any CPU
		{6133570F-FF54-480D-8979-B0787022EA6A}.Debug|x64.ActiveCfg = Debug|Any CPU
		{6133570F-FF54-480D-8979-B0787022EA6A}.Debug|x64.Build.0 = Debug|Any CPU
		{6133570F-FF54-480D-8979-B0787022EA6A}.Debug|x86.ActiveCfg = Debug|Any CPU
		{6133570F-FF54-480D-8979-B0787022EA6A}.Debug|x86.Build.0 = Debug|Any CPU
		{6133570F-FF54-480D-8979-B0787022EA6A}.Release|Any CPU.ActiveCfg = Release|Any CPU
		{6133570F-FF54-480D-8979-B0787022EA6A}.Release|Any CPU.Build.0 = Release|Any CPU
		{6133570F-FF54-480D-8979-B0787022EA6A}.Release|x64.ActiveCfg = Release|Any CPU
		{6133570F-FF54-480D-8979-B0787022EA6A}.Release|x64.Build.0 = Release|Any CPU
		{6133570F-FF54-480D-8979-B0787022EA6A}.Release|x86.ActiveCfg = Release|Any CPU
		{6133570F-FF54-480D-8979-B0787022EA6A}.Release|x86.Build.0 = Release|Any CPU
		{C8A7D343-6785-48CB-A6B5-6A5863A1F4F0}.Debug|Any CPU.ActiveCfg = Debug|Any CPU
		{C8A7D343-6785-48CB-A6B5-6A5863A1F4F0}.Debug|Any CPU.Build.0 = Debug|Any CPU
		{C8A7D343-6785-48CB-A6B5-6A5863A1F4F0}.Debug|x64.ActiveCfg = Debug|Any CPU
		{C8A7D343-6785-48CB-A6B5-6A5863A1F4F0}.Debug|x64.Build.0 = Debug|Any CPU
		{C8A7D343-6785-48CB-A6B5-6A5863A1F4F0}.Debug|x86.ActiveCfg = Debug|Any CPU
		{C8A7D343-6785-48CB-A6B5-6A5863A1F4F0}.Debug|x86.Build.0 = Debug|Any CPU
		{C8A7D343-6785-48CB-A6B5-6A5863A1F4F0}.Release|Any CPU.ActiveCfg = Release|Any CPU
		{C8A7D343-6785-48CB-A6B5-6A5863A1F4F0}.Release|Any CPU.Build.0 = Release|Any CPU
		{C8A7D343-6785-48CB-A6B5-6A5863A1F4F0}.Release|x64.ActiveCfg = Release|Any CPU
		{C8A7D343-6785-48CB-A6B5-6A5863A1F4F0}.Release|x64.Build.0 = Release|Any CPU
		{C8A7D343-6785-48CB-A6B5-6A5863A1F4F0}.Release|x86.ActiveCfg = Release|Any CPU
		{C8A7D343-6785-48CB-A6B5-6A5863A1F4F0}.Release|x86.Build.0 = Release|Any CPU
		{C9DCEB02-764C-4F05-BF80-EBBBD985F490}.Debug|Any CPU.ActiveCfg = Debug|Any CPU
		{C9DCEB02-764C-4F05-BF80-EBBBD985F490}.Debug|Any CPU.Build.0 = Debug|Any CPU
		{C9DCEB02-764C-4F05-BF80-EBBBD985F490}.Debug|x64.ActiveCfg = Debug|Any CPU
		{C9DCEB02-764C-4F05-BF80-EBBBD985F490}.Debug|x64.Build.0 = Debug|Any CPU
		{C9DCEB02-764C-4F05-BF80-EBBBD985F490}.Debug|x86.ActiveCfg = Debug|Any CPU
		{C9DCEB02-764C-4F05-BF80-EBBBD985F490}.Debug|x86.Build.0 = Debug|Any CPU
		{C9DCEB02-764C-4F05-BF80-EBBBD985F490}.Release|Any CPU.ActiveCfg = Release|Any CPU
		{C9DCEB02-764C-4F05-BF80-EBBBD985F490}.Release|Any CPU.Build.0 = Release|Any CPU
		{C9DCEB02-764C-4F05-BF80-EBBBD985F490}.Release|x64.ActiveCfg = Release|Any CPU
		{C9DCEB02-764C-4F05-BF80-EBBBD985F490}.Release|x64.Build.0 = Release|Any CPU
		{C9DCEB02-764C-4F05-BF80-EBBBD985F490}.Release|x86.ActiveCfg = Release|Any CPU
		{C9DCEB02-764C-4F05-BF80-EBBBD985F490}.Release|x86.Build.0 = Release|Any CPU
		{4CECE3E6-49CA-4A4E-8233-800633B03EED}.Debug|Any CPU.ActiveCfg = Debug|Any CPU
		{4CECE3E6-49CA-4A4E-8233-800633B03EED}.Debug|Any CPU.Build.0 = Debug|Any CPU
		{4CECE3E6-49CA-4A4E-8233-800633B03EED}.Debug|x64.ActiveCfg = Debug|Any CPU
		{4CECE3E6-49CA-4A4E-8233-800633B03EED}.Debug|x64.Build.0 = Debug|Any CPU
		{4CECE3E6-49CA-4A4E-8233-800633B03EED}.Debug|x86.ActiveCfg = Debug|Any CPU
		{4CECE3E6-49CA-4A4E-8233-800633B03EED}.Debug|x86.Build.0 = Debug|Any CPU
		{4CECE3E6-49CA-4A4E-8233-800633B03EED}.Release|Any CPU.ActiveCfg = Release|Any CPU
		{4CECE3E6-49CA-4A4E-8233-800633B03EED}.Release|Any CPU.Build.0 = Release|Any CPU
		{4CECE3E6-49CA-4A4E-8233-800633B03EED}.Release|x64.ActiveCfg = Release|Any CPU
		{4CECE3E6-49CA-4A4E-8233-800633B03EED}.Release|x64.Build.0 = Release|Any CPU
		{4CECE3E6-49CA-4A4E-8233-800633B03EED}.Release|x86.ActiveCfg = Release|Any CPU
		{4CECE3E6-49CA-4A4E-8233-800633B03EED}.Release|x86.Build.0 = Release|Any CPU
		{A7BE67E3-4AF7-426B-BDC3-347A4E4F0964}.Debug|Any CPU.ActiveCfg = Debug|Any CPU
		{A7BE67E3-4AF7-426B-BDC3-347A4E4F0964}.Debug|Any CPU.Build.0 = Debug|Any CPU
		{A7BE67E3-4AF7-426B-BDC3-347A4E4F0964}.Debug|x64.ActiveCfg = Debug|Any CPU
		{A7BE67E3-4AF7-426B-BDC3-347A4E4F0964}.Debug|x64.Build.0 = Debug|Any CPU
		{A7BE67E3-4AF7-426B-BDC3-347A4E4F0964}.Debug|x86.ActiveCfg = Debug|Any CPU
		{A7BE67E3-4AF7-426B-BDC3-347A4E4F0964}.Debug|x86.Build.0 = Debug|Any CPU
		{A7BE67E3-4AF7-426B-BDC3-347A4E4F0964}.Release|Any CPU.ActiveCfg = Release|Any CPU
		{A7BE67E3-4AF7-426B-BDC3-347A4E4F0964}.Release|Any CPU.Build.0 = Release|Any CPU
		{A7BE67E3-4AF7-426B-BDC3-347A4E4F0964}.Release|x64.ActiveCfg = Release|Any CPU
		{A7BE67E3-4AF7-426B-BDC3-347A4E4F0964}.Release|x64.Build.0 = Release|Any CPU
		{A7BE67E3-4AF7-426B-BDC3-347A4E4F0964}.Release|x86.ActiveCfg = Release|Any CPU
		{A7BE67E3-4AF7-426B-BDC3-347A4E4F0964}.Release|x86.Build.0 = Release|Any CPU
		{EB4D7D72-F896-45F2-9833-D72E210EC7E3}.Debug|Any CPU.ActiveCfg = Debug|Any CPU
		{EB4D7D72-F896-45F2-9833-D72E210EC7E3}.Debug|Any CPU.Build.0 = Debug|Any CPU
		{EB4D7D72-F896-45F2-9833-D72E210EC7E3}.Debug|x64.ActiveCfg = Debug|Any CPU
		{EB4D7D72-F896-45F2-9833-D72E210EC7E3}.Debug|x64.Build.0 = Debug|Any CPU
		{EB4D7D72-F896-45F2-9833-D72E210EC7E3}.Debug|x86.ActiveCfg = Debug|Any CPU
		{EB4D7D72-F896-45F2-9833-D72E210EC7E3}.Debug|x86.Build.0 = Debug|Any CPU
		{EB4D7D72-F896-45F2-9833-D72E210EC7E3}.Release|Any CPU.ActiveCfg = Release|Any CPU
		{EB4D7D72-F896-45F2-9833-D72E210EC7E3}.Release|Any CPU.Build.0 = Release|Any CPU
		{EB4D7D72-F896-45F2-9833-D72E210EC7E3}.Release|x64.ActiveCfg = Release|Any CPU
		{EB4D7D72-F896-45F2-9833-D72E210EC7E3}.Release|x64.Build.0 = Release|Any CPU
		{EB4D7D72-F896-45F2-9833-D72E210EC7E3}.Release|x86.ActiveCfg = Release|Any CPU
		{EB4D7D72-F896-45F2-9833-D72E210EC7E3}.Release|x86.Build.0 = Release|Any CPU
		{8A191B3E-24B2-4CF2-B5DB-3B51D0C1AC47}.Debug|Any CPU.ActiveCfg = Debug|Any CPU
		{8A191B3E-24B2-4CF2-B5DB-3B51D0C1AC47}.Debug|Any CPU.Build.0 = Debug|Any CPU
		{8A191B3E-24B2-4CF2-B5DB-3B51D0C1AC47}.Debug|x64.ActiveCfg = Debug|Any CPU
		{8A191B3E-24B2-4CF2-B5DB-3B51D0C1AC47}.Debug|x64.Build.0 = Debug|Any CPU
		{8A191B3E-24B2-4CF2-B5DB-3B51D0C1AC47}.Debug|x86.ActiveCfg = Debug|Any CPU
		{8A191B3E-24B2-4CF2-B5DB-3B51D0C1AC47}.Debug|x86.Build.0 = Debug|Any CPU
		{8A191B3E-24B2-4CF2-B5DB-3B51D0C1AC47}.Release|Any CPU.ActiveCfg = Release|Any CPU
		{8A191B3E-24B2-4CF2-B5DB-3B51D0C1AC47}.Release|Any CPU.Build.0 = Release|Any CPU
		{8A191B3E-24B2-4CF2-B5DB-3B51D0C1AC47}.Release|x64.ActiveCfg = Release|Any CPU
		{8A191B3E-24B2-4CF2-B5DB-3B51D0C1AC47}.Release|x64.Build.0 = Release|Any CPU
		{8A191B3E-24B2-4CF2-B5DB-3B51D0C1AC47}.Release|x86.ActiveCfg = Release|Any CPU
		{8A191B3E-24B2-4CF2-B5DB-3B51D0C1AC47}.Release|x86.Build.0 = Release|Any CPU
		{6E0CE699-B5A4-4F92-A9C6-794CE0C9C4B3}.Debug|Any CPU.ActiveCfg = Debug|Any CPU
		{6E0CE699-B5A4-4F92-A9C6-794CE0C9C4B3}.Debug|Any CPU.Build.0 = Debug|Any CPU
		{6E0CE699-B5A4-4F92-A9C6-794CE0C9C4B3}.Debug|x64.ActiveCfg = Debug|Any CPU
		{6E0CE699-B5A4-4F92-A9C6-794CE0C9C4B3}.Debug|x64.Build.0 = Debug|Any CPU
		{6E0CE699-B5A4-4F92-A9C6-794CE0C9C4B3}.Debug|x86.ActiveCfg = Debug|Any CPU
		{6E0CE699-B5A4-4F92-A9C6-794CE0C9C4B3}.Debug|x86.Build.0 = Debug|Any CPU
		{6E0CE699-B5A4-4F92-A9C6-794CE0C9C4B3}.Release|Any CPU.ActiveCfg = Release|Any CPU
		{6E0CE699-B5A4-4F92-A9C6-794CE0C9C4B3}.Release|Any CPU.Build.0 = Release|Any CPU
		{6E0CE699-B5A4-4F92-A9C6-794CE0C9C4B3}.Release|x64.ActiveCfg = Release|Any CPU
		{6E0CE699-B5A4-4F92-A9C6-794CE0C9C4B3}.Release|x64.Build.0 = Release|Any CPU
		{6E0CE699-B5A4-4F92-A9C6-794CE0C9C4B3}.Release|x86.ActiveCfg = Release|Any CPU
		{6E0CE699-B5A4-4F92-A9C6-794CE0C9C4B3}.Release|x86.Build.0 = Release|Any CPU
		{4D6D5FB4-7570-4648-B9AF-816C284323E6}.Debug|Any CPU.ActiveCfg = Debug|Any CPU
		{4D6D5FB4-7570-4648-B9AF-816C284323E6}.Debug|Any CPU.Build.0 = Debug|Any CPU
		{4D6D5FB4-7570-4648-B9AF-816C284323E6}.Debug|x64.ActiveCfg = Debug|Any CPU
		{4D6D5FB4-7570-4648-B9AF-816C284323E6}.Debug|x64.Build.0 = Debug|Any CPU
		{4D6D5FB4-7570-4648-B9AF-816C284323E6}.Debug|x86.ActiveCfg = Debug|Any CPU
		{4D6D5FB4-7570-4648-B9AF-816C284323E6}.Debug|x86.Build.0 = Debug|Any CPU
		{4D6D5FB4-7570-4648-B9AF-816C284323E6}.Release|Any CPU.ActiveCfg = Release|Any CPU
		{4D6D5FB4-7570-4648-B9AF-816C284323E6}.Release|Any CPU.Build.0 = Release|Any CPU
		{4D6D5FB4-7570-4648-B9AF-816C284323E6}.Release|x64.ActiveCfg = Release|Any CPU
		{4D6D5FB4-7570-4648-B9AF-816C284323E6}.Release|x64.Build.0 = Release|Any CPU
		{4D6D5FB4-7570-4648-B9AF-816C284323E6}.Release|x86.ActiveCfg = Release|Any CPU
		{4D6D5FB4-7570-4648-B9AF-816C284323E6}.Release|x86.Build.0 = Release|Any CPU
		{3074A915-2C7A-4C0B-A8E5-741E3DA5B0F2}.Debug|Any CPU.ActiveCfg = Debug|Any CPU
		{3074A915-2C7A-4C0B-A8E5-741E3DA5B0F2}.Debug|Any CPU.Build.0 = Debug|Any CPU
		{3074A915-2C7A-4C0B-A8E5-741E3DA5B0F2}.Debug|x64.ActiveCfg = Debug|Any CPU
		{3074A915-2C7A-4C0B-A8E5-741E3DA5B0F2}.Debug|x64.Build.0 = Debug|Any CPU
		{3074A915-2C7A-4C0B-A8E5-741E3DA5B0F2}.Debug|x86.ActiveCfg = Debug|Any CPU
		{3074A915-2C7A-4C0B-A8E5-741E3DA5B0F2}.Debug|x86.Build.0 = Debug|Any CPU
		{3074A915-2C7A-4C0B-A8E5-741E3DA5B0F2}.Release|Any CPU.ActiveCfg = Release|Any CPU
		{3074A915-2C7A-4C0B-A8E5-741E3DA5B0F2}.Release|Any CPU.Build.0 = Release|Any CPU
		{3074A915-2C7A-4C0B-A8E5-741E3DA5B0F2}.Release|x64.ActiveCfg = Release|Any CPU
		{3074A915-2C7A-4C0B-A8E5-741E3DA5B0F2}.Release|x64.Build.0 = Release|Any CPU
		{3074A915-2C7A-4C0B-A8E5-741E3DA5B0F2}.Release|x86.ActiveCfg = Release|Any CPU
		{3074A915-2C7A-4C0B-A8E5-741E3DA5B0F2}.Release|x86.Build.0 = Release|Any CPU
		{C6F3E76E-0C98-4719-9869-051A2A783373}.Debug|Any CPU.ActiveCfg = Debug|Any CPU
		{C6F3E76E-0C98-4719-9869-051A2A783373}.Debug|Any CPU.Build.0 = Debug|Any CPU
		{C6F3E76E-0C98-4719-9869-051A2A783373}.Debug|x64.ActiveCfg = Debug|Any CPU
		{C6F3E76E-0C98-4719-9869-051A2A783373}.Debug|x64.Build.0 = Debug|Any CPU
		{C6F3E76E-0C98-4719-9869-051A2A783373}.Debug|x86.ActiveCfg = Debug|Any CPU
		{C6F3E76E-0C98-4719-9869-051A2A783373}.Debug|x86.Build.0 = Debug|Any CPU
		{C6F3E76E-0C98-4719-9869-051A2A783373}.Release|Any CPU.ActiveCfg = Release|Any CPU
		{C6F3E76E-0C98-4719-9869-051A2A783373}.Release|Any CPU.Build.0 = Release|Any CPU
		{C6F3E76E-0C98-4719-9869-051A2A783373}.Release|x64.ActiveCfg = Release|Any CPU
		{C6F3E76E-0C98-4719-9869-051A2A783373}.Release|x64.Build.0 = Release|Any CPU
		{C6F3E76E-0C98-4719-9869-051A2A783373}.Release|x86.ActiveCfg = Release|Any CPU
		{C6F3E76E-0C98-4719-9869-051A2A783373}.Release|x86.Build.0 = Release|Any CPU
		{80FC5AB3-F512-4F3F-8326-B5AB3D62309F}.Debug|Any CPU.ActiveCfg = Debug|Any CPU
		{80FC5AB3-F512-4F3F-8326-B5AB3D62309F}.Debug|Any CPU.Build.0 = Debug|Any CPU
		{80FC5AB3-F512-4F3F-8326-B5AB3D62309F}.Debug|x64.ActiveCfg = Debug|Any CPU
		{80FC5AB3-F512-4F3F-8326-B5AB3D62309F}.Debug|x64.Build.0 = Debug|Any CPU
		{80FC5AB3-F512-4F3F-8326-B5AB3D62309F}.Debug|x86.ActiveCfg = Debug|Any CPU
		{80FC5AB3-F512-4F3F-8326-B5AB3D62309F}.Debug|x86.Build.0 = Debug|Any CPU
		{80FC5AB3-F512-4F3F-8326-B5AB3D62309F}.Release|Any CPU.ActiveCfg = Release|Any CPU
		{80FC5AB3-F512-4F3F-8326-B5AB3D62309F}.Release|Any CPU.Build.0 = Release|Any CPU
		{80FC5AB3-F512-4F3F-8326-B5AB3D62309F}.Release|x64.ActiveCfg = Release|Any CPU
		{80FC5AB3-F512-4F3F-8326-B5AB3D62309F}.Release|x64.Build.0 = Release|Any CPU
		{80FC5AB3-F512-4F3F-8326-B5AB3D62309F}.Release|x86.ActiveCfg = Release|Any CPU
		{80FC5AB3-F512-4F3F-8326-B5AB3D62309F}.Release|x86.Build.0 = Release|Any CPU
	EndGlobalSection
	GlobalSection(SolutionProperties) = preSolution
		HideSolutionNode = FALSE
	EndGlobalSection
	GlobalSection(NestedProjects) = preSolution
		{155804C5-E006-4E8F-B786-30F52D739C33} = {EF615D18-42E2-48A4-8EBA-E652DC574C56}
		{B659B233-4DAE-4A69-B153-E52D4D3C971E} = {EF615D18-42E2-48A4-8EBA-E652DC574C56}
		{D451D432-AE27-40BC-8421-7F0C0424F3DA} = {EF615D18-42E2-48A4-8EBA-E652DC574C56}
		{0F31ED84-5EAE-44F0-8FC0-B0F9658A059F} = {EF615D18-42E2-48A4-8EBA-E652DC574C56}
		{0992458F-D06A-4E8D-83DE-C39345A16D63} = {EF615D18-42E2-48A4-8EBA-E652DC574C56}
		{4CDE3630-D03E-43E2-AE87-4747696EB8E0} = {EF615D18-42E2-48A4-8EBA-E652DC574C56}
		{2C63B6BB-C794-416E-9B50-87493A300D42} = {EF615D18-42E2-48A4-8EBA-E652DC574C56}
		{6E6C284E-1398-4725-856F-A3B61E8E2E4F} = {EF615D18-42E2-48A4-8EBA-E652DC574C56}
		{F83D6868-F619-49F1-88B7-EDCBE019A541} = {EF615D18-42E2-48A4-8EBA-E652DC574C56}
		{71B1EF81-1666-4A9B-8279-83F0F066226F} = {EF615D18-42E2-48A4-8EBA-E652DC574C56}
		{81F6A354-2A58-4666-A5AA-B587F6249403} = {EF615D18-42E2-48A4-8EBA-E652DC574C56}
		{F0D843B5-3F10-42F0-BB04-B983C96B8A5E} = {EF615D18-42E2-48A4-8EBA-E652DC574C56}
		{6FBD398C-0E44-4718-A8DD-828C8B83C36B} = {EF615D18-42E2-48A4-8EBA-E652DC574C56}
		{15BB9AE6-EFC3-417C-90F9-0B223CF685B5} = {EF615D18-42E2-48A4-8EBA-E652DC574C56}
		{06089C14-C49F-4C4D-B690-05AEBC8FD822} = {EF615D18-42E2-48A4-8EBA-E652DC574C56}
		{353F6973-0D78-46F3-AF1F-FDCFEC901D7F} = {EF615D18-42E2-48A4-8EBA-E652DC574C56}
		{93316898-9723-41F6-8066-8B38AD8F9D66} = {EF615D18-42E2-48A4-8EBA-E652DC574C56}
		{66406BE8-0281-4C95-B90B-20CAE4516A16} = {E412EC77-2022-4A1D-AAC1-FDF1A4A45827}
		{2B089420-E791-44E7-B471-F6F527B33E1C} = {E412EC77-2022-4A1D-AAC1-FDF1A4A45827}
		{17BCA132-1FBB-46C1-B6A1-60F64969383D} = {E412EC77-2022-4A1D-AAC1-FDF1A4A45827}
		{1F26E911-E73F-409A-87FC-1214EF36FF61} = {EF615D18-42E2-48A4-8EBA-E652DC574C56}
		{546D5904-1811-457F-8C48-3F78D7F0C803} = {EF615D18-42E2-48A4-8EBA-E652DC574C56}
		{6133570F-FF54-480D-8979-B0787022EA6A} = {EF615D18-42E2-48A4-8EBA-E652DC574C56}
		{C8A7D343-6785-48CB-A6B5-6A5863A1F4F0} = {EF615D18-42E2-48A4-8EBA-E652DC574C56}
		{C9DCEB02-764C-4F05-BF80-EBBBD985F490} = {EF615D18-42E2-48A4-8EBA-E652DC574C56}
		{4CECE3E6-49CA-4A4E-8233-800633B03EED} = {EF615D18-42E2-48A4-8EBA-E652DC574C56}
		{A7BE67E3-4AF7-426B-BDC3-347A4E4F0964} = {EF615D18-42E2-48A4-8EBA-E652DC574C56}
		{EB4D7D72-F896-45F2-9833-D72E210EC7E3} = {EF615D18-42E2-48A4-8EBA-E652DC574C56}
		{8A191B3E-24B2-4CF2-B5DB-3B51D0C1AC47} = {EF615D18-42E2-48A4-8EBA-E652DC574C56}
		{6E0CE699-B5A4-4F92-A9C6-794CE0C9C4B3} = {EF615D18-42E2-48A4-8EBA-E652DC574C56}
		{4D6D5FB4-7570-4648-B9AF-816C284323E6} = {EF615D18-42E2-48A4-8EBA-E652DC574C56}
		{3074A915-2C7A-4C0B-A8E5-741E3DA5B0F2} = {EF615D18-42E2-48A4-8EBA-E652DC574C56}
		{C6F3E76E-0C98-4719-9869-051A2A783373} = {EF615D18-42E2-48A4-8EBA-E652DC574C56}
		{80FC5AB3-F512-4F3F-8326-B5AB3D62309F} = {EF615D18-42E2-48A4-8EBA-E652DC574C56}
	EndGlobalSection
	GlobalSection(ExtensibilityGlobals) = postSolution
		SolutionGuid = {28B4CC2B-39E8-49C0-9687-78121BD83A53}
	EndGlobalSection
EndGlobal
