
Microsoft Visual Studio Solution File, Format Version 12.00
# Visual Studio Version 17
VisualStudioVersion = 17.0.31903.59
MinimumVisualStudioVersion = 10.0.40219.1
Project("{2150E333-8FDC-42A3-9474-1A3956D46DE8}") = "src", "src", "{76FEDF93-AF59-4391-932A-C31CB68FE314}"
EndProject
Project("{9A19103F-16F7-4668-BE54-9A1E7A4F7556}") = "NetEvolve.HealthChecks.SqlServer", "src\HealthChecks.SqlServer\src\NetEvolve.HealthChecks.SqlServer\NetEvolve.HealthChecks.SqlServer.csproj", "{E56D2A0B-607E-4860-AEC5-4D9AE2CC61B5}"
EndProject
Project("{2150E333-8FDC-42A3-9474-1A3956D46DE8}") = "tests", "tests", "{3C540C7F-642A-4505-9BE5-DA52A7CE227F}"
EndProject
Project("{9A19103F-16F7-4668-BE54-9A1E7A4F7556}") = "NetEvolve.HealthChecks.SqlServer.Tests.Unit", "src\HealthChecks.SqlServer\tests\NetEvolve.HealthChecks.SqlServer.Tests.Unit\NetEvolve.HealthChecks.SqlServer.Tests.Unit.csproj", "{74D740CE-AC18-458D-8140-424EE172EF45}"
EndProject
Project("{9A19103F-16F7-4668-BE54-9A1E7A4F7556}") = "NetEvolve.HealthChecks.SqlServer.Tests.Integration", "src\HealthChecks.SqlServer\tests\NetEvolve.HealthChecks.SqlServer.Tests.Integration\NetEvolve.HealthChecks.SqlServer.Tests.Integration.csproj", "{AB541295-3A2D-4C4D-A2DD-8259590F0D12}"
EndProject
Project("{2150E333-8FDC-42A3-9474-1A3956D46DE8}") = "Solution Items", "Solution Items", "{6CB71215-8619-4502-A91B-9711981EC78A}"
	ProjectSection(SolutionItems) = preProject
		.csharpierignore = .csharpierignore
		.editorconfig = .editorconfig
		.filenesting.json = .filenesting.json
		.gitignore = .gitignore
		.gitmodules = .gitmodules
		Directory.Build.props = Directory.Build.props
		Directory.Build.targets = Directory.Build.targets
		Directory.Packages.props = Directory.Packages.props
		Directory.Solution.props = Directory.Solution.props
		GitVersion.yml = GitVersion.yml
		LICENSE = LICENSE
		new-project.ps1 = new-project.ps1
		nuget.config = nuget.config
		README.md = README.md
		update-solution.ps1 = update-solution.ps1
	EndProjectSection
EndProject
Project("{9A19103F-16F7-4668-BE54-9A1E7A4F7556}") = "NetEvolve.HealthChecks", "src\HealthChecks\src\NetEvolve.HealthChecks\NetEvolve.HealthChecks.csproj", "{F7FF815A-110E-454C-9D0C-B4AB297E4C3E}"
EndProject
Project("{9A19103F-16F7-4668-BE54-9A1E7A4F7556}") = "NetEvolve.HealthChecks.Tests.Unit", "src\HealthChecks\tests\NetEvolve.HealthChecks.Tests.Unit\NetEvolve.HealthChecks.Tests.Unit.csproj", "{187A1CB5-50F1-4023-ADDE-875D561ABB6E}"
EndProject
Project("{9A19103F-16F7-4668-BE54-9A1E7A4F7556}") = "NetEvolve.HealthChecks.Tests.Integration", "src\HealthChecks\tests\NetEvolve.HealthChecks.Tests.Integration\NetEvolve.HealthChecks.Tests.Integration.csproj", "{C037FC9F-258E-4492-95BE-BF1F419CDFF1}"
EndProject
Project("{9A19103F-16F7-4668-BE54-9A1E7A4F7556}") = "NetEvolve.HealthChecks.SqlServer.Legacy", "src\HealthChecks.SqlServer.Legacy\src\NetEvolve.HealthChecks.SqlServer.Legacy\NetEvolve.HealthChecks.SqlServer.Legacy.csproj", "{62FB0B38-060D-46BC-840D-FD225ACB775E}"
EndProject
Project("{9A19103F-16F7-4668-BE54-9A1E7A4F7556}") = "NetEvolve.HealthChecks.SqlServer.Legacy.Tests.Unit", "src\HealthChecks.SqlServer.Legacy\tests\NetEvolve.HealthChecks.SqlServer.Legacy.Tests.Unit\NetEvolve.HealthChecks.SqlServer.Legacy.Tests.Unit.csproj", "{17A45D32-208D-4030-AD4C-E86121098293}"
EndProject
Project("{9A19103F-16F7-4668-BE54-9A1E7A4F7556}") = "NetEvolve.HealthChecks.SqlServer.Legacy.Tests.Integration", "src\HealthChecks.SqlServer.Legacy\tests\NetEvolve.HealthChecks.SqlServer.Legacy.Tests.Integration\NetEvolve.HealthChecks.SqlServer.Legacy.Tests.Integration.csproj", "{5ABD02D9-D9BB-4303-BE2F-DFFD2D30E2FD}"
EndProject
Project("{D954291E-2A0B-460D-934E-DC6B0785DB48}") = "NetEvolve.HealthChecks.Shared.Abstractions", "src\HealthChecks.Shared\src\NetEvolve.HealthChecks.Shared.Abstractions\NetEvolve.HealthChecks.Shared.Abstractions.shproj", "{EE7A3A3C-487F-44C1-A301-3DF40716F2E2}"
EndProject
Project("{D954291E-2A0B-460D-934E-DC6B0785DB48}") = "NetEvolve.HealthChecks.Shared.Tests", "src\HealthChecks.Shared\tests\NetEvolve.HealthChecks.Shared.Tests\NetEvolve.HealthChecks.Shared.Tests.shproj", "{A460F166-5BF9-4817-9A7B-EEFAA6EAAA08}"
EndProject
Project("{9A19103F-16F7-4668-BE54-9A1E7A4F7556}") = "NetEvolve.HealthChecks.MySql", "src\HealthChecks.MySql\src\NetEvolve.HealthChecks.MySql\NetEvolve.HealthChecks.MySql.csproj", "{C566EB67-A22B-4332-BDD5-8DE05810853F}"
EndProject
Project("{9A19103F-16F7-4668-BE54-9A1E7A4F7556}") = "NetEvolve.HealthChecks.MySql.Tests.Unit", "src\HealthChecks.MySql\tests\NetEvolve.HealthChecks.MySql.Tests.Unit\NetEvolve.HealthChecks.MySql.Tests.Unit.csproj", "{17FD1214-9FC3-4412-B355-8BFFE14C4612}"
EndProject
Project("{9A19103F-16F7-4668-BE54-9A1E7A4F7556}") = "NetEvolve.HealthChecks.MySql.Tests.Integration", "src\HealthChecks.MySql\tests\NetEvolve.HealthChecks.MySql.Tests.Integration\NetEvolve.HealthChecks.MySql.Tests.Integration.csproj", "{8CD60F4E-0993-4A6D-A3BD-3188EB4091EC}"
EndProject
Project("{9A19103F-16F7-4668-BE54-9A1E7A4F7556}") = "NetEvolve.HealthChecks.MySql.Connector", "src\HealthChecks.MySql.Connector\src\NetEvolve.HealthChecks.MySql.Connector\NetEvolve.HealthChecks.MySql.Connector.csproj", "{5C013A07-27A0-4B85-897E-3EED2212C737}"
EndProject
Project("{9A19103F-16F7-4668-BE54-9A1E7A4F7556}") = "NetEvolve.HealthChecks.MySql.Connector.Tests.Unit", "src\HealthChecks.MySql.Connector\tests\NetEvolve.HealthChecks.MySql.Connector.Tests.Unit\NetEvolve.HealthChecks.MySql.Connector.Tests.Unit.csproj", "{E9547CDB-E60E-4445-86C7-3963FB8B8255}"
EndProject
Project("{9A19103F-16F7-4668-BE54-9A1E7A4F7556}") = "NetEvolve.HealthChecks.MySql.Connector.Tests.Integration", "src\HealthChecks.MySql.Connector\tests\NetEvolve.HealthChecks.MySql.Connector.Tests.Integration\NetEvolve.HealthChecks.MySql.Connector.Tests.Integration.csproj", "{2BCF52DE-B106-4608-B838-702B637F5A12}"
EndProject
Project("{9A19103F-16F7-4668-BE54-9A1E7A4F7556}") = "NetEvolve.HealthChecks.SQLite", "src\HealthChecks.SQLite\src\NetEvolve.HealthChecks.SQLite\NetEvolve.HealthChecks.SQLite.csproj", "{968EC2F3-55D7-4CC6-A404-84476B62F13F}"
EndProject
Project("{9A19103F-16F7-4668-BE54-9A1E7A4F7556}") = "NetEvolve.HealthChecks.SQLite.Tests.Unit", "src\HealthChecks.SQLite\tests\NetEvolve.HealthChecks.SQLite.Tests.Unit\NetEvolve.HealthChecks.SQLite.Tests.Unit.csproj", "{4AD08D59-88D3-4EAA-B193-ADF9B55549D6}"
EndProject
Project("{9A19103F-16F7-4668-BE54-9A1E7A4F7556}") = "NetEvolve.HealthChecks.SQLite.Tests.Integration", "src\HealthChecks.SQLite\tests\NetEvolve.HealthChecks.SQLite.Tests.Integration\NetEvolve.HealthChecks.SQLite.Tests.Integration.csproj", "{741B09CF-8A44-4648-9BAD-D77438AC08F4}"
EndProject
Project("{9A19103F-16F7-4668-BE54-9A1E7A4F7556}") = "NetEvolve.HealthChecks.Oracle.Tests.Unit", "src\HealthChecks.Oracle\tests\NetEvolve.HealthChecks.Oracle.Tests.Unit\NetEvolve.HealthChecks.Oracle.Tests.Unit.csproj", "{DC2FC498-5C99-4279-85FB-3D7073F7DE89}"
EndProject
Project("{9A19103F-16F7-4668-BE54-9A1E7A4F7556}") = "NetEvolve.HealthChecks.Oracle.Tests.Integration", "src\HealthChecks.Oracle\tests\NetEvolve.HealthChecks.Oracle.Tests.Integration\NetEvolve.HealthChecks.Oracle.Tests.Integration.csproj", "{F13DA83A-4E30-4F22-8EC8-142A33401FE3}"
EndProject
Project("{9A19103F-16F7-4668-BE54-9A1E7A4F7556}") = "NetEvolve.HealthChecks.Npgsql", "src\HealthChecks.Npgsql\src\NetEvolve.HealthChecks.Npgsql\NetEvolve.HealthChecks.Npgsql.csproj", "{79E47D0B-BFC1-4BAA-AFDA-BD62408156B6}"
EndProject
Project("{9A19103F-16F7-4668-BE54-9A1E7A4F7556}") = "NetEvolve.HealthChecks.Npgsql.Tests.Unit", "src\HealthChecks.Npgsql\tests\NetEvolve.HealthChecks.Npgsql.Tests.Unit\NetEvolve.HealthChecks.Npgsql.Tests.Unit.csproj", "{96611D86-20D4-49CD-BAFA-DE2EFA70B332}"
EndProject
Project("{9A19103F-16F7-4668-BE54-9A1E7A4F7556}") = "NetEvolve.HealthChecks.Npgsql.Tests.Integration", "src\HealthChecks.Npgsql\tests\NetEvolve.HealthChecks.Npgsql.Tests.Integration\NetEvolve.HealthChecks.Npgsql.Tests.Integration.csproj", "{D9311883-0694-4453-A1F3-11A442D4EA8E}"
EndProject
Project("{9A19103F-16F7-4668-BE54-9A1E7A4F7556}") = "NetEvolve.HealthChecks.Oracle", "src\HealthChecks.Oracle\src\NetEvolve.HealthChecks.Oracle\NetEvolve.HealthChecks.Oracle.csproj", "{75F93B8E-07FB-4517-B7B9-ADF2EF57D3F5}"
EndProject
Project("{9A19103F-16F7-4668-BE54-9A1E7A4F7556}") = "NetEvolve.HealthChecks.Azure.Blobs", "src\HealthChecks.Azure.Blobs\src\NetEvolve.HealthChecks.Azure.Blobs\NetEvolve.HealthChecks.Azure.Blobs.csproj", "{F68AF846-B484-4BE2-84DE-E9E8ABE612B0}"
EndProject
Project("{9A19103F-16F7-4668-BE54-9A1E7A4F7556}") = "NetEvolve.HealthChecks.Azure.Blobs.Tests.Unit", "src\HealthChecks.Azure.Blobs\tests\NetEvolve.HealthChecks.Azure.Blobs.Tests.Unit\NetEvolve.HealthChecks.Azure.Blobs.Tests.Unit.csproj", "{EE34C72C-799E-4392-8F23-3D2F7FB1A4A4}"
EndProject
Project("{9A19103F-16F7-4668-BE54-9A1E7A4F7556}") = "NetEvolve.HealthChecks.Azure.Blobs.Tests.Integration", "src\HealthChecks.Azure.Blobs\tests\NetEvolve.HealthChecks.Azure.Blobs.Tests.Integration\NetEvolve.HealthChecks.Azure.Blobs.Tests.Integration.csproj", "{D8FBA848-5938-477B-AFA7-B62134FD2D63}"
EndProject
Project("{9A19103F-16F7-4668-BE54-9A1E7A4F7556}") = "Testcontainers.Azurite", "..\..\GitHub\testcontainers-dotnet\src\Testcontainers.Azurite\Testcontainers.Azurite.csproj", "{052887DE-9957-4217-A11C-427DC5F553BA}"
EndProject
Project("{9A19103F-16F7-4668-BE54-9A1E7A4F7556}") = "Testcontainers", "..\..\GitHub\testcontainers-dotnet\src\Testcontainers\Testcontainers.csproj", "{4E4DB2B8-BE58-4E69-96D7-12809F9A83DB}"
EndProject
Project("{9A19103F-16F7-4668-BE54-9A1E7A4F7556}") = "NetEvolve.HealthChecks.Azure.Queues", "src\HealthChecks.Azure.Queues\src\NetEvolve.HealthChecks.Azure.Queues\NetEvolve.HealthChecks.Azure.Queues.csproj", "{4F628B2F-3DB8-4CB9-BB25-B830C1B12051}"
EndProject
Project("{9A19103F-16F7-4668-BE54-9A1E7A4F7556}") = "NetEvolve.HealthChecks.Azure.Queues.Tests.Unit", "src\HealthChecks.Azure.Queues\tests\NetEvolve.HealthChecks.Azure.Queues.Tests.Unit\NetEvolve.HealthChecks.Azure.Queues.Tests.Unit.csproj", "{3A6C7B50-072D-4860-919F-491CDC6F90F3}"
EndProject
Project("{9A19103F-16F7-4668-BE54-9A1E7A4F7556}") = "NetEvolve.HealthChecks.Azure.Queues.Tests.Integration", "src\HealthChecks.Azure.Queues\tests\NetEvolve.HealthChecks.Azure.Queues.Tests.Integration\NetEvolve.HealthChecks.Azure.Queues.Tests.Integration.csproj", "{DCBC9804-FA08-4B5A-AE24-760A54CF9BC4}"
EndProject
Project("{9A19103F-16F7-4668-BE54-9A1E7A4F7556}") = "NetEvolve.HealthChecks.Azure.Tables", "src\HealthChecks.Azure.Tables\src\NetEvolve.HealthChecks.Azure.Tables\NetEvolve.HealthChecks.Azure.Tables.csproj", "{465F2206-EB2C-40C3-97FB-19181B088BD0}"
EndProject
Project("{9A19103F-16F7-4668-BE54-9A1E7A4F7556}") = "NetEvolve.HealthChecks.Azure.Tables.Tests.Unit", "src\HealthChecks.Azure.Tables\tests\NetEvolve.HealthChecks.Azure.Tables.Tests.Unit\NetEvolve.HealthChecks.Azure.Tables.Tests.Unit.csproj", "{08D31996-556D-48E6-AD5F-226597F12DE5}"
EndProject
Project("{9A19103F-16F7-4668-BE54-9A1E7A4F7556}") = "NetEvolve.HealthChecks.Azure.Tables.Tests.Integration", "src\HealthChecks.Azure.Tables\tests\NetEvolve.HealthChecks.Azure.Tables.Tests.Integration\NetEvolve.HealthChecks.Azure.Tables.Tests.Integration.csproj", "{E6FA7809-D423-4A2B-B8E7-3BBE66A89564}"
EndProject
Global
	GlobalSection(SolutionConfigurationPlatforms) = preSolution
		Debug|Any CPU = Debug|Any CPU
		Release|Any CPU = Release|Any CPU
	EndGlobalSection
	GlobalSection(ProjectConfigurationPlatforms) = postSolution
		{E56D2A0B-607E-4860-AEC5-4D9AE2CC61B5}.Debug|Any CPU.ActiveCfg = Debug|Any CPU
		{E56D2A0B-607E-4860-AEC5-4D9AE2CC61B5}.Debug|Any CPU.Build.0 = Debug|Any CPU
		{E56D2A0B-607E-4860-AEC5-4D9AE2CC61B5}.Release|Any CPU.ActiveCfg = Release|Any CPU
		{E56D2A0B-607E-4860-AEC5-4D9AE2CC61B5}.Release|Any CPU.Build.0 = Release|Any CPU
		{74D740CE-AC18-458D-8140-424EE172EF45}.Debug|Any CPU.ActiveCfg = Debug|Any CPU
		{74D740CE-AC18-458D-8140-424EE172EF45}.Debug|Any CPU.Build.0 = Debug|Any CPU
		{74D740CE-AC18-458D-8140-424EE172EF45}.Release|Any CPU.ActiveCfg = Release|Any CPU
		{74D740CE-AC18-458D-8140-424EE172EF45}.Release|Any CPU.Build.0 = Release|Any CPU
		{AB541295-3A2D-4C4D-A2DD-8259590F0D12}.Debug|Any CPU.ActiveCfg = Debug|Any CPU
		{AB541295-3A2D-4C4D-A2DD-8259590F0D12}.Debug|Any CPU.Build.0 = Debug|Any CPU
		{AB541295-3A2D-4C4D-A2DD-8259590F0D12}.Release|Any CPU.ActiveCfg = Release|Any CPU
		{AB541295-3A2D-4C4D-A2DD-8259590F0D12}.Release|Any CPU.Build.0 = Release|Any CPU
		{F7FF815A-110E-454C-9D0C-B4AB297E4C3E}.Debug|Any CPU.ActiveCfg = Debug|Any CPU
		{F7FF815A-110E-454C-9D0C-B4AB297E4C3E}.Debug|Any CPU.Build.0 = Debug|Any CPU
		{F7FF815A-110E-454C-9D0C-B4AB297E4C3E}.Release|Any CPU.ActiveCfg = Release|Any CPU
		{F7FF815A-110E-454C-9D0C-B4AB297E4C3E}.Release|Any CPU.Build.0 = Release|Any CPU
		{187A1CB5-50F1-4023-ADDE-875D561ABB6E}.Debug|Any CPU.ActiveCfg = Debug|Any CPU
		{187A1CB5-50F1-4023-ADDE-875D561ABB6E}.Debug|Any CPU.Build.0 = Debug|Any CPU
		{187A1CB5-50F1-4023-ADDE-875D561ABB6E}.Release|Any CPU.ActiveCfg = Release|Any CPU
		{187A1CB5-50F1-4023-ADDE-875D561ABB6E}.Release|Any CPU.Build.0 = Release|Any CPU
		{C037FC9F-258E-4492-95BE-BF1F419CDFF1}.Debug|Any CPU.ActiveCfg = Debug|Any CPU
		{C037FC9F-258E-4492-95BE-BF1F419CDFF1}.Debug|Any CPU.Build.0 = Debug|Any CPU
		{C037FC9F-258E-4492-95BE-BF1F419CDFF1}.Release|Any CPU.ActiveCfg = Release|Any CPU
		{C037FC9F-258E-4492-95BE-BF1F419CDFF1}.Release|Any CPU.Build.0 = Release|Any CPU
		{62FB0B38-060D-46BC-840D-FD225ACB775E}.Debug|Any CPU.ActiveCfg = Debug|Any CPU
		{62FB0B38-060D-46BC-840D-FD225ACB775E}.Debug|Any CPU.Build.0 = Debug|Any CPU
		{62FB0B38-060D-46BC-840D-FD225ACB775E}.Release|Any CPU.ActiveCfg = Release|Any CPU
		{62FB0B38-060D-46BC-840D-FD225ACB775E}.Release|Any CPU.Build.0 = Release|Any CPU
		{17A45D32-208D-4030-AD4C-E86121098293}.Debug|Any CPU.ActiveCfg = Debug|Any CPU
		{17A45D32-208D-4030-AD4C-E86121098293}.Debug|Any CPU.Build.0 = Debug|Any CPU
		{17A45D32-208D-4030-AD4C-E86121098293}.Release|Any CPU.ActiveCfg = Release|Any CPU
		{17A45D32-208D-4030-AD4C-E86121098293}.Release|Any CPU.Build.0 = Release|Any CPU
		{5ABD02D9-D9BB-4303-BE2F-DFFD2D30E2FD}.Debug|Any CPU.ActiveCfg = Debug|Any CPU
		{5ABD02D9-D9BB-4303-BE2F-DFFD2D30E2FD}.Debug|Any CPU.Build.0 = Debug|Any CPU
		{5ABD02D9-D9BB-4303-BE2F-DFFD2D30E2FD}.Release|Any CPU.ActiveCfg = Release|Any CPU
		{5ABD02D9-D9BB-4303-BE2F-DFFD2D30E2FD}.Release|Any CPU.Build.0 = Release|Any CPU
		{C566EB67-A22B-4332-BDD5-8DE05810853F}.Debug|Any CPU.ActiveCfg = Debug|Any CPU
		{C566EB67-A22B-4332-BDD5-8DE05810853F}.Debug|Any CPU.Build.0 = Debug|Any CPU
		{C566EB67-A22B-4332-BDD5-8DE05810853F}.Release|Any CPU.ActiveCfg = Release|Any CPU
		{C566EB67-A22B-4332-BDD5-8DE05810853F}.Release|Any CPU.Build.0 = Release|Any CPU
		{17FD1214-9FC3-4412-B355-8BFFE14C4612}.Debug|Any CPU.ActiveCfg = Debug|Any CPU
		{17FD1214-9FC3-4412-B355-8BFFE14C4612}.Debug|Any CPU.Build.0 = Debug|Any CPU
		{17FD1214-9FC3-4412-B355-8BFFE14C4612}.Release|Any CPU.ActiveCfg = Release|Any CPU
		{17FD1214-9FC3-4412-B355-8BFFE14C4612}.Release|Any CPU.Build.0 = Release|Any CPU
		{8CD60F4E-0993-4A6D-A3BD-3188EB4091EC}.Debug|Any CPU.ActiveCfg = Debug|Any CPU
		{8CD60F4E-0993-4A6D-A3BD-3188EB4091EC}.Debug|Any CPU.Build.0 = Debug|Any CPU
		{8CD60F4E-0993-4A6D-A3BD-3188EB4091EC}.Release|Any CPU.ActiveCfg = Release|Any CPU
		{8CD60F4E-0993-4A6D-A3BD-3188EB4091EC}.Release|Any CPU.Build.0 = Release|Any CPU
		{5C013A07-27A0-4B85-897E-3EED2212C737}.Debug|Any CPU.ActiveCfg = Debug|Any CPU
		{5C013A07-27A0-4B85-897E-3EED2212C737}.Debug|Any CPU.Build.0 = Debug|Any CPU
		{5C013A07-27A0-4B85-897E-3EED2212C737}.Release|Any CPU.ActiveCfg = Release|Any CPU
		{5C013A07-27A0-4B85-897E-3EED2212C737}.Release|Any CPU.Build.0 = Release|Any CPU
		{E9547CDB-E60E-4445-86C7-3963FB8B8255}.Debug|Any CPU.ActiveCfg = Debug|Any CPU
		{E9547CDB-E60E-4445-86C7-3963FB8B8255}.Debug|Any CPU.Build.0 = Debug|Any CPU
		{E9547CDB-E60E-4445-86C7-3963FB8B8255}.Release|Any CPU.ActiveCfg = Release|Any CPU
		{E9547CDB-E60E-4445-86C7-3963FB8B8255}.Release|Any CPU.Build.0 = Release|Any CPU
		{2BCF52DE-B106-4608-B838-702B637F5A12}.Debug|Any CPU.ActiveCfg = Debug|Any CPU
		{2BCF52DE-B106-4608-B838-702B637F5A12}.Debug|Any CPU.Build.0 = Debug|Any CPU
		{2BCF52DE-B106-4608-B838-702B637F5A12}.Release|Any CPU.ActiveCfg = Release|Any CPU
		{2BCF52DE-B106-4608-B838-702B637F5A12}.Release|Any CPU.Build.0 = Release|Any CPU
		{968EC2F3-55D7-4CC6-A404-84476B62F13F}.Debug|Any CPU.ActiveCfg = Debug|Any CPU
		{968EC2F3-55D7-4CC6-A404-84476B62F13F}.Debug|Any CPU.Build.0 = Debug|Any CPU
		{968EC2F3-55D7-4CC6-A404-84476B62F13F}.Release|Any CPU.ActiveCfg = Release|Any CPU
		{968EC2F3-55D7-4CC6-A404-84476B62F13F}.Release|Any CPU.Build.0 = Release|Any CPU
		{4AD08D59-88D3-4EAA-B193-ADF9B55549D6}.Debug|Any CPU.ActiveCfg = Debug|Any CPU
		{4AD08D59-88D3-4EAA-B193-ADF9B55549D6}.Debug|Any CPU.Build.0 = Debug|Any CPU
		{4AD08D59-88D3-4EAA-B193-ADF9B55549D6}.Release|Any CPU.ActiveCfg = Release|Any CPU
		{4AD08D59-88D3-4EAA-B193-ADF9B55549D6}.Release|Any CPU.Build.0 = Release|Any CPU
		{741B09CF-8A44-4648-9BAD-D77438AC08F4}.Debug|Any CPU.ActiveCfg = Debug|Any CPU
		{741B09CF-8A44-4648-9BAD-D77438AC08F4}.Debug|Any CPU.Build.0 = Debug|Any CPU
		{741B09CF-8A44-4648-9BAD-D77438AC08F4}.Release|Any CPU.ActiveCfg = Release|Any CPU
		{741B09CF-8A44-4648-9BAD-D77438AC08F4}.Release|Any CPU.Build.0 = Release|Any CPU
		{DC2FC498-5C99-4279-85FB-3D7073F7DE89}.Debug|Any CPU.ActiveCfg = Debug|Any CPU
		{DC2FC498-5C99-4279-85FB-3D7073F7DE89}.Debug|Any CPU.Build.0 = Debug|Any CPU
		{DC2FC498-5C99-4279-85FB-3D7073F7DE89}.Release|Any CPU.ActiveCfg = Release|Any CPU
		{DC2FC498-5C99-4279-85FB-3D7073F7DE89}.Release|Any CPU.Build.0 = Release|Any CPU
		{F13DA83A-4E30-4F22-8EC8-142A33401FE3}.Debug|Any CPU.ActiveCfg = Debug|Any CPU
		{F13DA83A-4E30-4F22-8EC8-142A33401FE3}.Debug|Any CPU.Build.0 = Debug|Any CPU
		{F13DA83A-4E30-4F22-8EC8-142A33401FE3}.Release|Any CPU.ActiveCfg = Release|Any CPU
		{F13DA83A-4E30-4F22-8EC8-142A33401FE3}.Release|Any CPU.Build.0 = Release|Any CPU
		{79E47D0B-BFC1-4BAA-AFDA-BD62408156B6}.Debug|Any CPU.ActiveCfg = Debug|Any CPU
		{79E47D0B-BFC1-4BAA-AFDA-BD62408156B6}.Debug|Any CPU.Build.0 = Debug|Any CPU
		{79E47D0B-BFC1-4BAA-AFDA-BD62408156B6}.Release|Any CPU.ActiveCfg = Release|Any CPU
		{79E47D0B-BFC1-4BAA-AFDA-BD62408156B6}.Release|Any CPU.Build.0 = Release|Any CPU
		{96611D86-20D4-49CD-BAFA-DE2EFA70B332}.Debug|Any CPU.ActiveCfg = Debug|Any CPU
		{96611D86-20D4-49CD-BAFA-DE2EFA70B332}.Debug|Any CPU.Build.0 = Debug|Any CPU
		{96611D86-20D4-49CD-BAFA-DE2EFA70B332}.Release|Any CPU.ActiveCfg = Release|Any CPU
		{96611D86-20D4-49CD-BAFA-DE2EFA70B332}.Release|Any CPU.Build.0 = Release|Any CPU
		{D9311883-0694-4453-A1F3-11A442D4EA8E}.Debug|Any CPU.ActiveCfg = Debug|Any CPU
		{D9311883-0694-4453-A1F3-11A442D4EA8E}.Debug|Any CPU.Build.0 = Debug|Any CPU
		{D9311883-0694-4453-A1F3-11A442D4EA8E}.Release|Any CPU.ActiveCfg = Release|Any CPU
		{D9311883-0694-4453-A1F3-11A442D4EA8E}.Release|Any CPU.Build.0 = Release|Any CPU
		{75F93B8E-07FB-4517-B7B9-ADF2EF57D3F5}.Debug|Any CPU.ActiveCfg = Debug|Any CPU
		{75F93B8E-07FB-4517-B7B9-ADF2EF57D3F5}.Debug|Any CPU.Build.0 = Debug|Any CPU
		{75F93B8E-07FB-4517-B7B9-ADF2EF57D3F5}.Release|Any CPU.ActiveCfg = Release|Any CPU
		{75F93B8E-07FB-4517-B7B9-ADF2EF57D3F5}.Release|Any CPU.Build.0 = Release|Any CPU
		{F68AF846-B484-4BE2-84DE-E9E8ABE612B0}.Debug|Any CPU.ActiveCfg = Debug|Any CPU
		{F68AF846-B484-4BE2-84DE-E9E8ABE612B0}.Debug|Any CPU.Build.0 = Debug|Any CPU
		{F68AF846-B484-4BE2-84DE-E9E8ABE612B0}.Release|Any CPU.ActiveCfg = Release|Any CPU
		{F68AF846-B484-4BE2-84DE-E9E8ABE612B0}.Release|Any CPU.Build.0 = Release|Any CPU
		{EE34C72C-799E-4392-8F23-3D2F7FB1A4A4}.Debug|Any CPU.ActiveCfg = Debug|Any CPU
		{EE34C72C-799E-4392-8F23-3D2F7FB1A4A4}.Debug|Any CPU.Build.0 = Debug|Any CPU
		{EE34C72C-799E-4392-8F23-3D2F7FB1A4A4}.Release|Any CPU.ActiveCfg = Release|Any CPU
		{EE34C72C-799E-4392-8F23-3D2F7FB1A4A4}.Release|Any CPU.Build.0 = Release|Any CPU
		{D8FBA848-5938-477B-AFA7-B62134FD2D63}.Debug|Any CPU.ActiveCfg = Debug|Any CPU
		{D8FBA848-5938-477B-AFA7-B62134FD2D63}.Debug|Any CPU.Build.0 = Debug|Any CPU
		{D8FBA848-5938-477B-AFA7-B62134FD2D63}.Release|Any CPU.ActiveCfg = Release|Any CPU
		{D8FBA848-5938-477B-AFA7-B62134FD2D63}.Release|Any CPU.Build.0 = Release|Any CPU
		{052887DE-9957-4217-A11C-427DC5F553BA}.Debug|Any CPU.ActiveCfg = Debug|Any CPU
		{052887DE-9957-4217-A11C-427DC5F553BA}.Debug|Any CPU.Build.0 = Debug|Any CPU
		{052887DE-9957-4217-A11C-427DC5F553BA}.Release|Any CPU.ActiveCfg = Release|Any CPU
		{052887DE-9957-4217-A11C-427DC5F553BA}.Release|Any CPU.Build.0 = Release|Any CPU
		{4E4DB2B8-BE58-4E69-96D7-12809F9A83DB}.Debug|Any CPU.ActiveCfg = Debug|Any CPU
		{4E4DB2B8-BE58-4E69-96D7-12809F9A83DB}.Debug|Any CPU.Build.0 = Debug|Any CPU
		{4E4DB2B8-BE58-4E69-96D7-12809F9A83DB}.Release|Any CPU.ActiveCfg = Release|Any CPU
		{4E4DB2B8-BE58-4E69-96D7-12809F9A83DB}.Release|Any CPU.Build.0 = Release|Any CPU
		{4F628B2F-3DB8-4CB9-BB25-B830C1B12051}.Debug|Any CPU.ActiveCfg = Debug|Any CPU
		{4F628B2F-3DB8-4CB9-BB25-B830C1B12051}.Debug|Any CPU.Build.0 = Debug|Any CPU
		{4F628B2F-3DB8-4CB9-BB25-B830C1B12051}.Release|Any CPU.ActiveCfg = Release|Any CPU
		{4F628B2F-3DB8-4CB9-BB25-B830C1B12051}.Release|Any CPU.Build.0 = Release|Any CPU
		{3A6C7B50-072D-4860-919F-491CDC6F90F3}.Debug|Any CPU.ActiveCfg = Debug|Any CPU
		{3A6C7B50-072D-4860-919F-491CDC6F90F3}.Debug|Any CPU.Build.0 = Debug|Any CPU
		{3A6C7B50-072D-4860-919F-491CDC6F90F3}.Release|Any CPU.ActiveCfg = Release|Any CPU
		{3A6C7B50-072D-4860-919F-491CDC6F90F3}.Release|Any CPU.Build.0 = Release|Any CPU
		{DCBC9804-FA08-4B5A-AE24-760A54CF9BC4}.Debug|Any CPU.ActiveCfg = Debug|Any CPU
		{DCBC9804-FA08-4B5A-AE24-760A54CF9BC4}.Debug|Any CPU.Build.0 = Debug|Any CPU
		{DCBC9804-FA08-4B5A-AE24-760A54CF9BC4}.Release|Any CPU.ActiveCfg = Release|Any CPU
		{DCBC9804-FA08-4B5A-AE24-760A54CF9BC4}.Release|Any CPU.Build.0 = Release|Any CPU
		{465F2206-EB2C-40C3-97FB-19181B088BD0}.Debug|Any CPU.ActiveCfg = Debug|Any CPU
		{465F2206-EB2C-40C3-97FB-19181B088BD0}.Debug|Any CPU.Build.0 = Debug|Any CPU
		{465F2206-EB2C-40C3-97FB-19181B088BD0}.Release|Any CPU.ActiveCfg = Release|Any CPU
		{465F2206-EB2C-40C3-97FB-19181B088BD0}.Release|Any CPU.Build.0 = Release|Any CPU
		{08D31996-556D-48E6-AD5F-226597F12DE5}.Debug|Any CPU.ActiveCfg = Debug|Any CPU
		{08D31996-556D-48E6-AD5F-226597F12DE5}.Debug|Any CPU.Build.0 = Debug|Any CPU
		{08D31996-556D-48E6-AD5F-226597F12DE5}.Release|Any CPU.ActiveCfg = Release|Any CPU
		{08D31996-556D-48E6-AD5F-226597F12DE5}.Release|Any CPU.Build.0 = Release|Any CPU
		{E6FA7809-D423-4A2B-B8E7-3BBE66A89564}.Debug|Any CPU.ActiveCfg = Debug|Any CPU
		{E6FA7809-D423-4A2B-B8E7-3BBE66A89564}.Debug|Any CPU.Build.0 = Debug|Any CPU
		{E6FA7809-D423-4A2B-B8E7-3BBE66A89564}.Release|Any CPU.ActiveCfg = Release|Any CPU
		{E6FA7809-D423-4A2B-B8E7-3BBE66A89564}.Release|Any CPU.Build.0 = Release|Any CPU
	EndGlobalSection
	GlobalSection(SolutionProperties) = preSolution
		HideSolutionNode = FALSE
	EndGlobalSection
	GlobalSection(NestedProjects) = preSolution
		{E56D2A0B-607E-4860-AEC5-4D9AE2CC61B5} = {76FEDF93-AF59-4391-932A-C31CB68FE314}
		{74D740CE-AC18-458D-8140-424EE172EF45} = {3C540C7F-642A-4505-9BE5-DA52A7CE227F}
		{AB541295-3A2D-4C4D-A2DD-8259590F0D12} = {3C540C7F-642A-4505-9BE5-DA52A7CE227F}
		{F7FF815A-110E-454C-9D0C-B4AB297E4C3E} = {76FEDF93-AF59-4391-932A-C31CB68FE314}
		{187A1CB5-50F1-4023-ADDE-875D561ABB6E} = {3C540C7F-642A-4505-9BE5-DA52A7CE227F}
		{C037FC9F-258E-4492-95BE-BF1F419CDFF1} = {3C540C7F-642A-4505-9BE5-DA52A7CE227F}
		{62FB0B38-060D-46BC-840D-FD225ACB775E} = {76FEDF93-AF59-4391-932A-C31CB68FE314}
		{17A45D32-208D-4030-AD4C-E86121098293} = {3C540C7F-642A-4505-9BE5-DA52A7CE227F}
		{5ABD02D9-D9BB-4303-BE2F-DFFD2D30E2FD} = {3C540C7F-642A-4505-9BE5-DA52A7CE227F}
		{EE7A3A3C-487F-44C1-A301-3DF40716F2E2} = {76FEDF93-AF59-4391-932A-C31CB68FE314}
		{A460F166-5BF9-4817-9A7B-EEFAA6EAAA08} = {3C540C7F-642A-4505-9BE5-DA52A7CE227F}
		{C566EB67-A22B-4332-BDD5-8DE05810853F} = {76FEDF93-AF59-4391-932A-C31CB68FE314}
		{17FD1214-9FC3-4412-B355-8BFFE14C4612} = {3C540C7F-642A-4505-9BE5-DA52A7CE227F}
		{8CD60F4E-0993-4A6D-A3BD-3188EB4091EC} = {3C540C7F-642A-4505-9BE5-DA52A7CE227F}
		{5C013A07-27A0-4B85-897E-3EED2212C737} = {76FEDF93-AF59-4391-932A-C31CB68FE314}
		{E9547CDB-E60E-4445-86C7-3963FB8B8255} = {3C540C7F-642A-4505-9BE5-DA52A7CE227F}
		{2BCF52DE-B106-4608-B838-702B637F5A12} = {3C540C7F-642A-4505-9BE5-DA52A7CE227F}
		{968EC2F3-55D7-4CC6-A404-84476B62F13F} = {76FEDF93-AF59-4391-932A-C31CB68FE314}
		{4AD08D59-88D3-4EAA-B193-ADF9B55549D6} = {3C540C7F-642A-4505-9BE5-DA52A7CE227F}
		{741B09CF-8A44-4648-9BAD-D77438AC08F4} = {3C540C7F-642A-4505-9BE5-DA52A7CE227F}
		{DC2FC498-5C99-4279-85FB-3D7073F7DE89} = {3C540C7F-642A-4505-9BE5-DA52A7CE227F}
		{F13DA83A-4E30-4F22-8EC8-142A33401FE3} = {3C540C7F-642A-4505-9BE5-DA52A7CE227F}
		{79E47D0B-BFC1-4BAA-AFDA-BD62408156B6} = {76FEDF93-AF59-4391-932A-C31CB68FE314}
		{96611D86-20D4-49CD-BAFA-DE2EFA70B332} = {3C540C7F-642A-4505-9BE5-DA52A7CE227F}
		{D9311883-0694-4453-A1F3-11A442D4EA8E} = {3C540C7F-642A-4505-9BE5-DA52A7CE227F}
		{75F93B8E-07FB-4517-B7B9-ADF2EF57D3F5} = {76FEDF93-AF59-4391-932A-C31CB68FE314}
		{F68AF846-B484-4BE2-84DE-E9E8ABE612B0} = {76FEDF93-AF59-4391-932A-C31CB68FE314}
		{EE34C72C-799E-4392-8F23-3D2F7FB1A4A4} = {3C540C7F-642A-4505-9BE5-DA52A7CE227F}
		{D8FBA848-5938-477B-AFA7-B62134FD2D63} = {3C540C7F-642A-4505-9BE5-DA52A7CE227F}
		{4F628B2F-3DB8-4CB9-BB25-B830C1B12051} = {76FEDF93-AF59-4391-932A-C31CB68FE314}
		{3A6C7B50-072D-4860-919F-491CDC6F90F3} = {3C540C7F-642A-4505-9BE5-DA52A7CE227F}
		{DCBC9804-FA08-4B5A-AE24-760A54CF9BC4} = {3C540C7F-642A-4505-9BE5-DA52A7CE227F}
		{465F2206-EB2C-40C3-97FB-19181B088BD0} = {76FEDF93-AF59-4391-932A-C31CB68FE314}
		{08D31996-556D-48E6-AD5F-226597F12DE5} = {3C540C7F-642A-4505-9BE5-DA52A7CE227F}
		{E6FA7809-D423-4A2B-B8E7-3BBE66A89564} = {3C540C7F-642A-4505-9BE5-DA52A7CE227F}
	EndGlobalSection
	GlobalSection(ExtensibilityGlobals) = postSolution
		SolutionGuid = {28B4CC2B-39E8-49C0-9687-78121BD83A53}
	EndGlobalSection
	GlobalSection(SharedMSBuildProjectFiles) = preSolution
		src\HealthChecks.Shared\tests\NetEvolve.HealthChecks.Shared.Tests\NetEvolve.HealthChecks.Shared.Tests.projitems*{2bcf52de-b106-4608-b838-702b637f5a12}*SharedItemsImports = 5
		src\HealthChecks.Shared\src\NetEvolve.HealthChecks.Shared.Abstractions\NetEvolve.HealthChecks.Shared.Abstractions.projitems*{465f2206-eb2c-40c3-97fb-19181b088bd0}*SharedItemsImports = 5
		src\HealthChecks.Shared\src\NetEvolve.HealthChecks.Shared.Abstractions\NetEvolve.HealthChecks.Shared.Abstractions.projitems*{4f628b2f-3db8-4cb9-bb25-b830c1b12051}*SharedItemsImports = 5
		src\HealthChecks.Shared\tests\NetEvolve.HealthChecks.Shared.Tests\NetEvolve.HealthChecks.Shared.Tests.projitems*{5abd02d9-d9bb-4303-be2f-dffd2d30e2fd}*SharedItemsImports = 5
		src\HealthChecks.Shared\src\NetEvolve.HealthChecks.Shared.Abstractions\NetEvolve.HealthChecks.Shared.Abstractions.projitems*{5c013a07-27a0-4b85-897e-3eed2212c737}*SharedItemsImports = 5
		src\HealthChecks.Shared\src\NetEvolve.HealthChecks.Shared.Abstractions\NetEvolve.HealthChecks.Shared.Abstractions.projitems*{62fb0b38-060d-46bc-840d-fd225acb775e}*SharedItemsImports = 5
		src\HealthChecks.Shared\tests\NetEvolve.HealthChecks.Shared.Tests\NetEvolve.HealthChecks.Shared.Tests.projitems*{741b09cf-8a44-4648-9bad-d77438ac08f4}*SharedItemsImports = 5
		src\HealthChecks.Shared\src\NetEvolve.HealthChecks.Shared.Abstractions\NetEvolve.HealthChecks.Shared.Abstractions.projitems*{75f93b8e-07fb-4517-b7b9-adf2ef57d3f5}*SharedItemsImports = 5
		src\HealthChecks.Shared\src\NetEvolve.HealthChecks.Shared.Abstractions\NetEvolve.HealthChecks.Shared.Abstractions.projitems*{79e47d0b-bfc1-4baa-afda-bd62408156b6}*SharedItemsImports = 5
		src\HealthChecks.Shared\tests\NetEvolve.HealthChecks.Shared.Tests\NetEvolve.HealthChecks.Shared.Tests.projitems*{8cd60f4e-0993-4a6d-a3bd-3188eb4091ec}*SharedItemsImports = 5
		src\HealthChecks.Shared\src\NetEvolve.HealthChecks.Shared.Abstractions\NetEvolve.HealthChecks.Shared.Abstractions.projitems*{968ec2f3-55d7-4cc6-a404-84476b62f13f}*SharedItemsImports = 5
		src\HealthChecks.Shared\tests\NetEvolve.HealthChecks.Shared.Tests\NetEvolve.HealthChecks.Shared.Tests.projitems*{ab541295-3a2d-4c4d-a2dd-8259590f0d12}*SharedItemsImports = 5
		src\HealthChecks.Shared\tests\NetEvolve.HealthChecks.Shared.Tests\NetEvolve.HealthChecks.Shared.Tests.projitems*{c037fc9f-258e-4492-95be-bf1f419cdff1}*SharedItemsImports = 5
		src\HealthChecks.Shared\src\NetEvolve.HealthChecks.Shared.Abstractions\NetEvolve.HealthChecks.Shared.Abstractions.projitems*{c566eb67-a22b-4332-bdd5-8de05810853f}*SharedItemsImports = 5
		src\HealthChecks.Shared\tests\NetEvolve.HealthChecks.Shared.Tests\NetEvolve.HealthChecks.Shared.Tests.projitems*{d8fba848-5938-477b-afa7-b62134fd2d63}*SharedItemsImports = 5
		src\HealthChecks.Shared\tests\NetEvolve.HealthChecks.Shared.Tests\NetEvolve.HealthChecks.Shared.Tests.projitems*{d9311883-0694-4453-a1f3-11a442d4ea8e}*SharedItemsImports = 5
		src\HealthChecks.Shared\tests\NetEvolve.HealthChecks.Shared.Tests\NetEvolve.HealthChecks.Shared.Tests.projitems*{dcbc9804-fa08-4b5a-ae24-760a54cf9bc4}*SharedItemsImports = 5
		src\HealthChecks.Shared\src\NetEvolve.HealthChecks.Shared.Abstractions\NetEvolve.HealthChecks.Shared.Abstractions.projitems*{e56d2a0b-607e-4860-aec5-4d9ae2cc61b5}*SharedItemsImports = 5
		src\HealthChecks.Shared\tests\NetEvolve.HealthChecks.Shared.Tests\NetEvolve.HealthChecks.Shared.Tests.projitems*{e6fa7809-d423-4a2b-b8e7-3bbe66a89564}*SharedItemsImports = 5
		src\HealthChecks.Shared\tests\NetEvolve.HealthChecks.Shared.Tests\NetEvolve.HealthChecks.Shared.Tests.projitems*{f13da83a-4e30-4f22-8ec8-142a33401fe3}*SharedItemsImports = 5
		src\HealthChecks.Shared\src\NetEvolve.HealthChecks.Shared.Abstractions\NetEvolve.HealthChecks.Shared.Abstractions.projitems*{f68af846-b484-4be2-84de-e9e8abe612b0}*SharedItemsImports = 5
		src\HealthChecks.Shared\src\NetEvolve.HealthChecks.Shared.Abstractions\NetEvolve.HealthChecks.Shared.Abstractions.projitems*{f7ff815a-110e-454c-9d0c-b4ab297e4c3e}*SharedItemsImports = 5
	EndGlobalSection
EndGlobal
